// !$*UTF8*$!
{
	archiveVersion = 1;
	classes = {
	};
	objectVersion = 50;
	objects = {

/* Begin PBXBuildFile section */
		84EF1D3C22DD213700389815 /* AppDelegate.swift in Sources */ = {isa = PBXBuildFile; fileRef = 84EF1D3B22DD213700389815 /* AppDelegate.swift */; };
		84EF1D3E22DD213700389815 /* ViewController.swift in Sources */ = {isa = PBXBuildFile; fileRef = 84EF1D3D22DD213700389815 /* ViewController.swift */; };
		84EF1D4122DD213700389815 /* Main.storyboard in Resources */ = {isa = PBXBuildFile; fileRef = 84EF1D3F22DD213700389815 /* Main.storyboard */; };
		84EF1D4422DD213700389815 /* Aircall.xcdatamodeld in Sources */ = {isa = PBXBuildFile; fileRef = 84EF1D4222DD213700389815 /* Aircall.xcdatamodeld */; };
		84EF1D4622DD213800389815 /* Assets.xcassets in Resources */ = {isa = PBXBuildFile; fileRef = 84EF1D4522DD213800389815 /* Assets.xcassets */; };
		84EF1D4922DD213800389815 /* LaunchScreen.storyboard in Resources */ = {isa = PBXBuildFile; fileRef = 84EF1D4722DD213800389815 /* LaunchScreen.storyboard */; };
		84EF1D5422DD213800389815 /* AircallTests.swift in Sources */ = {isa = PBXBuildFile; fileRef = 84EF1D5322DD213800389815 /* AircallTests.swift */; };
		84EF1D5F22DD213800389815 /* AircallUITests.swift in Sources */ = {isa = PBXBuildFile; fileRef = 84EF1D5E22DD213800389815 /* AircallUITests.swift */; };
/* End PBXBuildFile section */

/* Begin PBXContainerItemProxy section */
		84EF1D5022DD213800389815 /* PBXContainerItemProxy */ = {
			isa = PBXContainerItemProxy;
			containerPortal = 84EF1D3022DD213700389815 /* Project object */;
			proxyType = 1;
			remoteGlobalIDString = 84EF1D3722DD213700389815;
			remoteInfo = Aircall;
		};
		84EF1D5B22DD213800389815 /* PBXContainerItemProxy */ = {
			isa = PBXContainerItemProxy;
			containerPortal = 84EF1D3022DD213700389815 /* Project object */;
			proxyType = 1;
			remoteGlobalIDString = 84EF1D3722DD213700389815;
			remoteInfo = Aircall;
		};
/* End PBXContainerItemProxy section */

/* Begin PBXFileReference section */
		84EF1D3822DD213700389815 /* Aircall.app */ = {isa = PBXFileReference; explicitFileType = wrapper.application; includeInIndex = 0; path = Aircall.app; sourceTree = BUILT_PRODUCTS_DIR; };
		84EF1D3B22DD213700389815 /* AppDelegate.swift */ = {isa = PBXFileReference; lastKnownFileType = sourcecode.swift; path = AppDelegate.swift; sourceTree = "<group>"; };
		84EF1D3D22DD213700389815 /* ViewController.swift */ = {isa = PBXFileReference; lastKnownFileType = sourcecode.swift; path = ViewController.swift; sourceTree = "<group>"; };
		84EF1D4022DD213700389815 /* Base */ = {isa = PBXFileReference; lastKnownFileType = file.storyboard; name = Base; path = Base.lproj/Main.storyboard; sourceTree = "<group>"; };
		84EF1D4322DD213700389815 /* Aircall.xcdatamodel */ = {isa = PBXFileReference; lastKnownFileType = wrapper.xcdatamodel; path = Aircall.xcdatamodel; sourceTree = "<group>"; };
		84EF1D4522DD213800389815 /* Assets.xcassets */ = {isa = PBXFileReference; lastKnownFileType = folder.assetcatalog; path = Assets.xcassets; sourceTree = "<group>"; };
		84EF1D4822DD213800389815 /* Base */ = {isa = PBXFileReference; lastKnownFileType = file.storyboard; name = Base; path = Base.lproj/LaunchScreen.storyboard; sourceTree = "<group>"; };
		84EF1D4A22DD213800389815 /* Info.plist */ = {isa = PBXFileReference; lastKnownFileType = text.plist.xml; path = Info.plist; sourceTree = "<group>"; };
		84EF1D4F22DD213800389815 /* AircallTests.xctest */ = {isa = PBXFileReference; explicitFileType = wrapper.cfbundle; includeInIndex = 0; path = AircallTests.xctest; sourceTree = BUILT_PRODUCTS_DIR; };
		84EF1D5322DD213800389815 /* AircallTests.swift */ = {isa = PBXFileReference; lastKnownFileType = sourcecode.swift; path = AircallTests.swift; sourceTree = "<group>"; };
		84EF1D5522DD213800389815 /* Info.plist */ = {isa = PBXFileReference; lastKnownFileType = text.plist.xml; path = Info.plist; sourceTree = "<group>"; };
		84EF1D5A22DD213800389815 /* AircallUITests.xctest */ = {isa = PBXFileReference; explicitFileType = wrapper.cfbundle; includeInIndex = 0; path = AircallUITests.xctest; sourceTree = BUILT_PRODUCTS_DIR; };
		84EF1D5E22DD213800389815 /* AircallUITests.swift */ = {isa = PBXFileReference; lastKnownFileType = sourcecode.swift; path = AircallUITests.swift; sourceTree = "<group>"; };
		84EF1D6022DD213800389815 /* Info.plist */ = {isa = PBXFileReference; lastKnownFileType = text.plist.xml; path = Info.plist; sourceTree = "<group>"; };
/* End PBXFileReference section */

/* Begin PBXFrameworksBuildPhase section */
		84EF1D3522DD213700389815 /* Frameworks */ = {
			isa = PBXFrameworksBuildPhase;
			buildActionMask = 2147483647;
			files = (
			);
			runOnlyForDeploymentPostprocessing = 0;
		};
		84EF1D4C22DD213800389815 /* Frameworks */ = {
			isa = PBXFrameworksBuildPhase;
			buildActionMask = 2147483647;
			files = (
			);
			runOnlyForDeploymentPostprocessing = 0;
		};
		84EF1D5722DD213800389815 /* Frameworks */ = {
			isa = PBXFrameworksBuildPhase;
			buildActionMask = 2147483647;
			files = (
			);
			runOnlyForDeploymentPostprocessing = 0;
		};
/* End PBXFrameworksBuildPhase section */

/* Begin PBXGroup section */
		84EF1D2F22DD213700389815 = {
			isa = PBXGroup;
			children = (
				84EF1D3A22DD213700389815 /* Aircall */,
				84EF1D5222DD213800389815 /* AircallTests */,
				84EF1D5D22DD213800389815 /* AircallUITests */,
				84EF1D3922DD213700389815 /* Products */,
			);
			sourceTree = "<group>";
		};
		84EF1D3922DD213700389815 /* Products */ = {
			isa = PBXGroup;
			children = (
				84EF1D3822DD213700389815 /* Aircall.app */,
				84EF1D4F22DD213800389815 /* AircallTests.xctest */,
				84EF1D5A22DD213800389815 /* AircallUITests.xctest */,
			);
			name = Products;
			sourceTree = "<group>";
		};
		84EF1D3A22DD213700389815 /* Aircall */ = {
			isa = PBXGroup;
			children = (
				84EF1D3B22DD213700389815 /* AppDelegate.swift */,
				84EF1D3D22DD213700389815 /* ViewController.swift */,
				84EF1D3F22DD213700389815 /* Main.storyboard */,
				84EF1D4522DD213800389815 /* Assets.xcassets */,
				84EF1D4722DD213800389815 /* LaunchScreen.storyboard */,
				84EF1D4A22DD213800389815 /* Info.plist */,
				84EF1D4222DD213700389815 /* Aircall.xcdatamodeld */,
			);
			path = Aircall;
			sourceTree = "<group>";
		};
		84EF1D5222DD213800389815 /* AircallTests */ = {
			isa = PBXGroup;
			children = (
				84EF1D5322DD213800389815 /* AircallTests.swift */,
				84EF1D5522DD213800389815 /* Info.plist */,
			);
			path = AircallTests;
			sourceTree = "<group>";
		};
		84EF1D5D22DD213800389815 /* AircallUITests */ = {
			isa = PBXGroup;
			children = (
				84EF1D5E22DD213800389815 /* AircallUITests.swift */,
				84EF1D6022DD213800389815 /* Info.plist */,
			);
			path = AircallUITests;
			sourceTree = "<group>";
		};
/* End PBXGroup section */

/* Begin PBXNativeTarget section */
		84EF1D3722DD213700389815 /* Aircall */ = {
			isa = PBXNativeTarget;
			buildConfigurationList = 84EF1D6322DD213800389815 /* Build configuration list for PBXNativeTarget "Aircall" */;
			buildPhases = (
				84EF1D3422DD213700389815 /* Sources */,
				84EF1D3522DD213700389815 /* Frameworks */,
				84EF1D3622DD213700389815 /* Resources */,
			);
			buildRules = (
			);
			dependencies = (
			);
			name = Aircall;
			productName = Aircall;
			productReference = 84EF1D3822DD213700389815 /* Aircall.app */;
			productType = "com.apple.product-type.application";
		};
		84EF1D4E22DD213800389815 /* AircallTests */ = {
			isa = PBXNativeTarget;
			buildConfigurationList = 84EF1D6622DD213800389815 /* Build configuration list for PBXNativeTarget "AircallTests" */;
			buildPhases = (
				84EF1D4B22DD213800389815 /* Sources */,
				84EF1D4C22DD213800389815 /* Frameworks */,
				84EF1D4D22DD213800389815 /* Resources */,
			);
			buildRules = (
			);
			dependencies = (
				84EF1D5122DD213800389815 /* PBXTargetDependency */,
			);
			name = AircallTests;
			productName = AircallTests;
			productReference = 84EF1D4F22DD213800389815 /* AircallTests.xctest */;
			productType = "com.apple.product-type.bundle.unit-test";
		};
		84EF1D5922DD213800389815 /* AircallUITests */ = {
			isa = PBXNativeTarget;
			buildConfigurationList = 84EF1D6922DD213800389815 /* Build configuration list for PBXNativeTarget "AircallUITests" */;
			buildPhases = (
				84EF1D5622DD213800389815 /* Sources */,
				84EF1D5722DD213800389815 /* Frameworks */,
				84EF1D5822DD213800389815 /* Resources */,
			);
			buildRules = (
			);
			dependencies = (
				84EF1D5C22DD213800389815 /* PBXTargetDependency */,
			);
			name = AircallUITests;
			productName = AircallUITests;
			productReference = 84EF1D5A22DD213800389815 /* AircallUITests.xctest */;
			productType = "com.apple.product-type.bundle.ui-testing";
		};
/* End PBXNativeTarget section */

/* Begin PBXProject section */
		84EF1D3022DD213700389815 /* Project object */ = {
			isa = PBXProject;
			attributes = {
				LastSwiftUpdateCheck = 1020;
				LastUpgradeCheck = 1020;
				ORGANIZATIONNAME = "Yanis SG";
				TargetAttributes = {
					84EF1D3722DD213700389815 = {
						CreatedOnToolsVersion = 10.2.1;
					};
					84EF1D4E22DD213800389815 = {
						CreatedOnToolsVersion = 10.2.1;
						TestTargetID = 84EF1D3722DD213700389815;
					};
					84EF1D5922DD213800389815 = {
						CreatedOnToolsVersion = 10.2.1;
						TestTargetID = 84EF1D3722DD213700389815;
					};
				};
			};
			buildConfigurationList = 84EF1D3322DD213700389815 /* Build configuration list for PBXProject "Aircall" */;
			compatibilityVersion = "Xcode 9.3";
			developmentRegion = en;
			hasScannedForEncodings = 0;
			knownRegions = (
				en,
				Base,
			);
			mainGroup = 84EF1D2F22DD213700389815;
			productRefGroup = 84EF1D3922DD213700389815 /* Products */;
			projectDirPath = "";
			projectRoot = "";
			targets = (
				84EF1D3722DD213700389815 /* Aircall */,
				84EF1D4E22DD213800389815 /* AircallTests */,
				84EF1D5922DD213800389815 /* AircallUITests */,
			);
		};
/* End PBXProject section */

/* Begin PBXResourcesBuildPhase section */
		84EF1D3622DD213700389815 /* Resources */ = {
			isa = PBXResourcesBuildPhase;
			buildActionMask = 2147483647;
			files = (
				84EF1D4922DD213800389815 /* LaunchScreen.storyboard in Resources */,
				84EF1D4622DD213800389815 /* Assets.xcassets in Resources */,
				84EF1D4122DD213700389815 /* Main.storyboard in Resources */,
			);
			runOnlyForDeploymentPostprocessing = 0;
		};
		84EF1D4D22DD213800389815 /* Resources */ = {
			isa = PBXResourcesBuildPhase;
			buildActionMask = 2147483647;
			files = (
			);
			runOnlyForDeploymentPostprocessing = 0;
		};
		84EF1D5822DD213800389815 /* Resources */ = {
			isa = PBXResourcesBuildPhase;
			buildActionMask = 2147483647;
			files = (
			);
			runOnlyForDeploymentPostprocessing = 0;
		};
/* End PBXResourcesBuildPhase section */

/* Begin PBXSourcesBuildPhase section */
		84EF1D3422DD213700389815 /* Sources */ = {
			isa = PBXSourcesBuildPhase;
			buildActionMask = 2147483647;
			files = (
				84EF1D3E22DD213700389815 /* ViewController.swift in Sources */,
				84EF1D4422DD213700389815 /* Aircall.xcdatamodeld in Sources */,
				84EF1D3C22DD213700389815 /* AppDelegate.swift in Sources */,
			);
			runOnlyForDeploymentPostprocessing = 0;
		};
		84EF1D4B22DD213800389815 /* Sources */ = {
			isa = PBXSourcesBuildPhase;
			buildActionMask = 2147483647;
			files = (
				84EF1D5422DD213800389815 /* AircallTests.swift in Sources */,
			);
			runOnlyForDeploymentPostprocessing = 0;
		};
		84EF1D5622DD213800389815 /* Sources */ = {
			isa = PBXSourcesBuildPhase;
			buildActionMask = 2147483647;
			files = (
				84EF1D5F22DD213800389815 /* AircallUITests.swift in Sources */,
			);
			runOnlyForDeploymentPostprocessing = 0;
		};
/* End PBXSourcesBuildPhase section */

/* Begin PBXTargetDependency section */
		84EF1D5122DD213800389815 /* PBXTargetDependency */ = {
			isa = PBXTargetDependency;
			target = 84EF1D3722DD213700389815 /* Aircall */;
			targetProxy = 84EF1D5022DD213800389815 /* PBXContainerItemProxy */;
		};
		84EF1D5C22DD213800389815 /* PBXTargetDependency */ = {
			isa = PBXTargetDependency;
			target = 84EF1D3722DD213700389815 /* Aircall */;
			targetProxy = 84EF1D5B22DD213800389815 /* PBXContainerItemProxy */;
		};
/* End PBXTargetDependency section */

/* Begin PBXVariantGroup section */
		84EF1D3F22DD213700389815 /* Main.storyboard */ = {
			isa = PBXVariantGroup;
			children = (
				84EF1D4022DD213700389815 /* Base */,
			);
			name = Main.storyboard;
			sourceTree = "<group>";
		};
		84EF1D4722DD213800389815 /* LaunchScreen.storyboard */ = {
			isa = PBXVariantGroup;
			children = (
				84EF1D4822DD213800389815 /* Base */,
			);
			name = LaunchScreen.storyboard;
			sourceTree = "<group>";
		};
/* End PBXVariantGroup section */

/* Begin XCBuildConfiguration section */
		84EF1D6122DD213800389815 /* Debug */ = {
			isa = XCBuildConfiguration;
			buildSettings = {
				ALWAYS_SEARCH_USER_PATHS = NO;
				CLANG_ANALYZER_NONNULL = YES;
				CLANG_ANALYZER_NUMBER_OBJECT_CONVERSION = YES_AGGRESSIVE;
				CLANG_CXX_LANGUAGE_STANDARD = "gnu++14";
				CLANG_CXX_LIBRARY = "libc++";
				CLANG_ENABLE_MODULES = YES;
				CLANG_ENABLE_OBJC_ARC = YES;
				CLANG_ENABLE_OBJC_WEAK = YES;
				CLANG_WARN_BLOCK_CAPTURE_AUTORELEASING = YES;
				CLANG_WARN_BOOL_CONVERSION = YES;
				CLANG_WARN_COMMA = YES;
				CLANG_WARN_CONSTANT_CONVERSION = YES;
				CLANG_WARN_DEPRECATED_OBJC_IMPLEMENTATIONS = YES;
				CLANG_WARN_DIRECT_OBJC_ISA_USAGE = YES_ERROR;
				CLANG_WARN_DOCUMENTATION_COMMENTS = YES;
				CLANG_WARN_EMPTY_BODY = YES;
				CLANG_WARN_ENUM_CONVERSION = YES;
				CLANG_WARN_INFINITE_RECURSION = YES;
				CLANG_WARN_INT_CONVERSION = YES;
				CLANG_WARN_NON_LITERAL_NULL_CONVERSION = YES;
				CLANG_WARN_OBJC_IMPLICIT_RETAIN_SELF = YES;
				CLANG_WARN_OBJC_LITERAL_CONVERSION = YES;
				CLANG_WARN_OBJC_ROOT_CLASS = YES_ERROR;
				CLANG_WARN_RANGE_LOOP_ANALYSIS = YES;
				CLANG_WARN_STRICT_PROTOTYPES = YES;
				CLANG_WARN_SUSPICIOUS_MOVE = YES;
				CLANG_WARN_UNGUARDED_AVAILABILITY = YES_AGGRESSIVE;
				CLANG_WARN_UNREACHABLE_CODE = YES;
				CLANG_WARN__DUPLICATE_METHOD_MATCH = YES;
				CODE_SIGN_IDENTITY = "iPhone Developer";
				COPY_PHASE_STRIP = NO;
				DEBUG_INFORMATION_FORMAT = dwarf;
				ENABLE_STRICT_OBJC_MSGSEND = YES;
				ENABLE_TESTABILITY = YES;
				GCC_C_LANGUAGE_STANDARD = gnu11;
				GCC_DYNAMIC_NO_PIC = NO;
				GCC_NO_COMMON_BLOCKS = YES;
				GCC_OPTIMIZATION_LEVEL = 0;
				GCC_PREPROCESSOR_DEFINITIONS = (
					"DEBUG=1",
					"$(inherited)",
				);
				GCC_WARN_64_TO_32_BIT_CONVERSION = YES;
				GCC_WARN_ABOUT_RETURN_TYPE = YES_ERROR;
				GCC_WARN_UNDECLARED_SELECTOR = YES;
				GCC_WARN_UNINITIALIZED_AUTOS = YES_AGGRESSIVE;
				GCC_WARN_UNUSED_FUNCTION = YES;
				GCC_WARN_UNUSED_VARIABLE = YES;
				IPHONEOS_DEPLOYMENT_TARGET = 12.2;
				MTL_ENABLE_DEBUG_INFO = INCLUDE_SOURCE;
				MTL_FAST_MATH = YES;
				ONLY_ACTIVE_ARCH = YES;
				SDKROOT = iphoneos;
				SWIFT_ACTIVE_COMPILATION_CONDITIONS = DEBUG;
				SWIFT_OPTIMIZATION_LEVEL = "-Onone";
			};
			name = Debug;
		};
		84EF1D6222DD213800389815 /* Release */ = {
			isa = XCBuildConfiguration;
			buildSettings = {
				ALWAYS_SEARCH_USER_PATHS = NO;
				CLANG_ANALYZER_NONNULL = YES;
				CLANG_ANALYZER_NUMBER_OBJECT_CONVERSION = YES_AGGRESSIVE;
				CLANG_CXX_LANGUAGE_STANDARD = "gnu++14";
				CLANG_CXX_LIBRARY = "libc++";
				CLANG_ENABLE_MODULES = YES;
				CLANG_ENABLE_OBJC_ARC = YES;
				CLANG_ENABLE_OBJC_WEAK = YES;
				CLANG_WARN_BLOCK_CAPTURE_AUTORELEASING = YES;
				CLANG_WARN_BOOL_CONVERSION = YES;
				CLANG_WARN_COMMA = YES;
				CLANG_WARN_CONSTANT_CONVERSION = YES;
				CLANG_WARN_DEPRECATED_OBJC_IMPLEMENTATIONS = YES;
				CLANG_WARN_DIRECT_OBJC_ISA_USAGE = YES_ERROR;
				CLANG_WARN_DOCUMENTATION_COMMENTS = YES;
				CLANG_WARN_EMPTY_BODY = YES;
				CLANG_WARN_ENUM_CONVERSION = YES;
				CLANG_WARN_INFINITE_RECURSION = YES;
				CLANG_WARN_INT_CONVERSION = YES;
				CLANG_WARN_NON_LITERAL_NULL_CONVERSION = YES;
				CLANG_WARN_OBJC_IMPLICIT_RETAIN_SELF = YES;
				CLANG_WARN_OBJC_LITERAL_CONVERSION = YES;
				CLANG_WARN_OBJC_ROOT_CLASS = YES_ERROR;
				CLANG_WARN_RANGE_LOOP_ANALYSIS = YES;
				CLANG_WARN_STRICT_PROTOTYPES = YES;
				CLANG_WARN_SUSPICIOUS_MOVE = YES;
				CLANG_WARN_UNGUARDED_AVAILABILITY = YES_AGGRESSIVE;
				CLANG_WARN_UNREACHABLE_CODE = YES;
				CLANG_WARN__DUPLICATE_METHOD_MATCH = YES;
				CODE_SIGN_IDENTITY = "iPhone Developer";
				COPY_PHASE_STRIP = NO;
				DEBUG_INFORMATION_FORMAT = "dwarf-with-dsym";
				ENABLE_NS_ASSERTIONS = NO;
				ENABLE_STRICT_OBJC_MSGSEND = YES;
				GCC_C_LANGUAGE_STANDARD = gnu11;
				GCC_NO_COMMON_BLOCKS = YES;
				GCC_WARN_64_TO_32_BIT_CONVERSION = YES;
				GCC_WARN_ABOUT_RETURN_TYPE = YES_ERROR;
				GCC_WARN_UNDECLARED_SELECTOR = YES;
				GCC_WARN_UNINITIALIZED_AUTOS = YES_AGGRESSIVE;
				GCC_WARN_UNUSED_FUNCTION = YES;
				GCC_WARN_UNUSED_VARIABLE = YES;
				IPHONEOS_DEPLOYMENT_TARGET = 12.2;
				MTL_ENABLE_DEBUG_INFO = NO;
				MTL_FAST_MATH = YES;
				SDKROOT = iphoneos;
				SWIFT_COMPILATION_MODE = wholemodule;
				SWIFT_OPTIMIZATION_LEVEL = "-O";
				VALIDATE_PRODUCT = YES;
			};
			name = Release;
		};
		84EF1D6422DD213800389815 /* Debug */ = {
			isa = XCBuildConfiguration;
			buildSettings = {
				ASSETCATALOG_COMPILER_APPICON_NAME = AppIcon;
				CODE_SIGN_STYLE = Automatic;
				DEVELOPMENT_TEAM = KCQX73KXPA;
				INFOPLIST_FILE = Aircall/Info.plist;
				LD_RUNPATH_SEARCH_PATHS = (
					"$(inherited)",
					"@executable_path/Frameworks",
				);
				PRODUCT_BUNDLE_IDENTIFIER = com.ysgdev.Aircall;
				PRODUCT_NAME = "$(TARGET_NAME)";
				SWIFT_VERSION = 5.0;
				TARGETED_DEVICE_FAMILY = "1,2";
			};
			name = Debug;
		};
		84EF1D6522DD213800389815 /* Release */ = {
			isa = XCBuildConfiguration;
			buildSettings = {
				ASSETCATALOG_COMPILER_APPICON_NAME = AppIcon;
				CODE_SIGN_STYLE = Automatic;
				DEVELOPMENT_TEAM = KCQX73KXPA;
				INFOPLIST_FILE = Aircall/Info.plist;
				LD_RUNPATH_SEARCH_PATHS = (
					"$(inherited)",
					"@executable_path/Frameworks",
				);
				PRODUCT_BUNDLE_IDENTIFIER = com.ysgdev.Aircall;
				PRODUCT_NAME = "$(TARGET_NAME)";
				SWIFT_VERSION = 5.0;
				TARGETED_DEVICE_FAMILY = "1,2";
			};
			name = Release;
		};
		84EF1D6722DD213800389815 /* Debug */ = {
			isa = XCBuildConfiguration;
			buildSettings = {
				ALWAYS_EMBED_SWIFT_STANDARD_LIBRARIES = YES;
				BUNDLE_LOADER = "$(TEST_HOST)";
				CODE_SIGN_STYLE = Automatic;
				DEVELOPMENT_TEAM = KCQX73KXPA;
				INFOPLIST_FILE = AircallTests/Info.plist;
				LD_RUNPATH_SEARCH_PATHS = (
					"$(inherited)",
					"@executable_path/Frameworks",
					"@loader_path/Frameworks",
				);
				PRODUCT_BUNDLE_IDENTIFIER = com.ysgdev.AircallTests;
				PRODUCT_NAME = "$(TARGET_NAME)";
				SWIFT_VERSION = 5.0;
				TARGETED_DEVICE_FAMILY = "1,2";
				TEST_HOST = "$(BUILT_PRODUCTS_DIR)/Aircall.app/Aircall";
			};
			name = Debug;
		};
		84EF1D6822DD213800389815 /* Release */ = {
			isa = XCBuildConfiguration;
			buildSettings = {
				ALWAYS_EMBED_SWIFT_STANDARD_LIBRARIES = YES;
				BUNDLE_LOADER = "$(TEST_HOST)";
				CODE_SIGN_STYLE = Automatic;
				DEVELOPMENT_TEAM = KCQX73KXPA;
				INFOPLIST_FILE = AircallTests/Info.plist;
				LD_RUNPATH_SEARCH_PATHS = (
					"$(inherited)",
					"@executable_path/Frameworks",
					"@loader_path/Frameworks",
				);
				PRODUCT_BUNDLE_IDENTIFIER = com.ysgdev.AircallTests;
				PRODUCT_NAME = "$(TARGET_NAME)";
				SWIFT_VERSION = 5.0;
				TARGETED_DEVICE_FAMILY = "1,2";
				TEST_HOST = "$(BUILT_PRODUCTS_DIR)/Aircall.app/Aircall";
			};
			name = Release;
		};
		84EF1D6A22DD213800389815 /* Debug */ = {
			isa = XCBuildConfiguration;
			buildSettings = {
				ALWAYS_EMBED_SWIFT_STANDARD_LIBRARIES = YES;
				CODE_SIGN_STYLE = Automatic;
				DEVELOPMENT_TEAM = KCQX73KXPA;
				INFOPLIST_FILE = AircallUITests/Info.plist;
				LD_RUNPATH_SEARCH_PATHS = (
					"$(inherited)",
					"@executable_path/Frameworks",
					"@loader_path/Frameworks",
				);
				PRODUCT_BUNDLE_IDENTIFIER = com.ysgdev.AircallUITests;
				PRODUCT_NAME = "$(TARGET_NAME)";
				SWIFT_VERSION = 5.0;
				TARGETED_DEVICE_FAMILY = "1,2";
				TEST_TARGET_NAME = Aircall;
			};
			name = Debug;
		};
		84EF1D6B22DD213800389815 /* Release */ = {
			isa = XCBuildConfiguration;
			buildSettings = {
				ALWAYS_EMBED_SWIFT_STANDARD_LIBRARIES = YES;
				CODE_SIGN_STYLE = Automatic;
				DEVELOPMENT_TEAM = KCQX73KXPA;
				INFOPLIST_FILE = AircallUITests/Info.plist;
				LD_RUNPATH_SEARCH_PATHS = (
					"$(inherited)",
					"@executable_path/Frameworks",
					"@loader_path/Frameworks",
				);
				PRODUCT_BUNDLE_IDENTIFIER = com.ysgdev.AircallUITests;
				PRODUCT_NAME = "$(TARGET_NAME)";
				SWIFT_VERSION = 5.0;
				TARGETED_DEVICE_FAMILY = "1,2";
				TEST_TARGET_NAME = Aircall;
			};
			name = Release;
		};
/* End XCBuildConfiguration section */

/* Begin XCConfigurationList section */
		84EF1D3322DD213700389815 /* Build configuration list for PBXProject "Aircall" */ = {
			isa = XCConfigurationList;
			buildConfigurations = (
				84EF1D6122DD213800389815 /* Debug */,
				84EF1D6222DD213800389815 /* Release */,
			);
			defaultConfigurationIsVisible = 0;
			defaultConfigurationName = Release;
		};
		84EF1D6322DD213800389815 /* Build configuration list for PBXNativeTarget "Aircall" */ = {
			isa = XCConfigurationList;
			buildConfigurations = (
				84EF1D6422DD213800389815 /* Debug */,
				84EF1D6522DD213800389815 /* Release */,
			);
			defaultConfigurationIsVisible = 0;
			defaultConfigurationName = Release;
		};
		84EF1D6622DD213800389815 /* Build configuration list for PBXNativeTarget "AircallTests" */ = {
			isa = XCConfigurationList;
			buildConfigurations = (
				84EF1D6722DD213800389815 /* Debug */,
				84EF1D6822DD213800389815 /* Release */,
			);
			defaultConfigurationIsVisible = 0;
			defaultConfigurationName = Release;
		};
		84EF1D6922DD213800389815 /* Build configuration list for PBXNativeTarget "AircallUITests" */ = {
			isa = XCConfigurationList;
			buildConfigurations = (
				84EF1D6A22DD213800389815 /* Debug */,
				84EF1D6B22DD213800389815 /* Release */,
			);
			defaultConfigurationIsVisible = 0;
			defaultConfigurationName = Release;
		};
/* End XCConfigurationList section */

/* Begin XCVersionGroup section */
		84EF1D4222DD213700389815 /* Aircall.xcdatamodeld */ = {
			isa = XCVersionGroup;
			children = (
				84EF1D4322DD213700389815 /* Aircall.xcdatamodel */,
			);
			currentVersion = 84EF1D4322DD213700389815 /* Aircall.xcdatamodel */;
			path = Aircall.xcdatamodeld;
			sourceTree = "<group>";
			versionGroupType = wrapper.xcdatamodel;
		};
/* End XCVersionGroup section */
	};
	rootObject = 84EF1D3022DD213700389815 /* Project object */;
}
