// !$*UTF8*$!
{
	archiveVersion = 1;
	classes = {
	};
	objectVersion = 50;
	objects = {

/* Begin PBXBuildFile section */
		036F6CC1D72484289A145040 /* Pods_AircallTests.framework in Frameworks */ = {isa = PBXBuildFile; fileRef = 5D93F5860F7A5C3E1BFB319F /* Pods_AircallTests.framework */; };
		84EF1D3C22DD213700389815 /* AppDelegate.swift in Sources */ = {isa = PBXBuildFile; fileRef = 84EF1D3B22DD213700389815 /* AppDelegate.swift */; };
		84EF1D3E22DD213700389815 /* ViewController.swift in Sources */ = {isa = PBXBuildFile; fileRef = 84EF1D3D22DD213700389815 /* ViewController.swift */; };
		84EF1D4122DD213700389815 /* Main.storyboard in Resources */ = {isa = PBXBuildFile; fileRef = 84EF1D3F22DD213700389815 /* Main.storyboard */; };
		84EF1D4422DD213700389815 /* Aircall.xcdatamodeld in Sources */ = {isa = PBXBuildFile; fileRef = 84EF1D4222DD213700389815 /* Aircall.xcdatamodeld */; };
		84EF1D4622DD213800389815 /* Assets.xcassets in Resources */ = {isa = PBXBuildFile; fileRef = 84EF1D4522DD213800389815 /* Assets.xcassets */; };
		84EF1D4922DD213800389815 /* LaunchScreen.storyboard in Resources */ = {isa = PBXBuildFile; fileRef = 84EF1D4722DD213800389815 /* LaunchScreen.storyboard */; };
		84EF1D5422DD213800389815 /* AircallTests.swift in Sources */ = {isa = PBXBuildFile; fileRef = 84EF1D5322DD213800389815 /* AircallTests.swift */; };
		84EF1D5F22DD213800389815 /* AircallUITests.swift in Sources */ = {isa = PBXBuildFile; fileRef = 84EF1D5E22DD213800389815 /* AircallUITests.swift */; };
		84EF1D7122DD288500389815 /* ColorName.swift in Sources */ = {isa = PBXBuildFile; fileRef = 84EF1D7022DD288500389815 /* ColorName.swift */; };
		84EF1D7422DD28E800389815 /* ColorNameTests.swift in Sources */ = {isa = PBXBuildFile; fileRef = 84EF1D7322DD28E800389815 /* ColorNameTests.swift */; };
		84EF1D7622DD29F000389815 /* Color.swift in Sources */ = {isa = PBXBuildFile; fileRef = 84EF1D7522DD29F000389815 /* Color.swift */; };
		84EF1D7822DD2A7000389815 /* ColorTests.swift in Sources */ = {isa = PBXBuildFile; fileRef = 84EF1D7722DD2A7000389815 /* ColorTests.swift */; };
		84EF1D7A22DD2BFE00389815 /* YSLabel.swift in Sources */ = {isa = PBXBuildFile; fileRef = 84EF1D7922DD2BFE00389815 /* YSLabel.swift */; };
		84EF1D7C22DD2C1200389815 /* YSRefreshControl.swift in Sources */ = {isa = PBXBuildFile; fileRef = 84EF1D7B22DD2C1200389815 /* YSRefreshControl.swift */; };
		84EF1D7E22DD2C7300389815 /* ACTitleLabel.swift in Sources */ = {isa = PBXBuildFile; fileRef = 84EF1D7D22DD2C7300389815 /* ACTitleLabel.swift */; };
		84EF1D8022DD2C7F00389815 /* ACSubtitleLabel.swift in Sources */ = {isa = PBXBuildFile; fileRef = 84EF1D7F22DD2C7F00389815 /* ACSubtitleLabel.swift */; };
		84EF1D8222DD2C8A00389815 /* ACHeaderLabel.swift in Sources */ = {isa = PBXBuildFile; fileRef = 84EF1D8122DD2C8A00389815 /* ACHeaderLabel.swift */; };
		84EF1D8422DD2D5000389815 /* ACRefreshControl.swift in Sources */ = {isa = PBXBuildFile; fileRef = 84EF1D8322DD2D5000389815 /* ACRefreshControl.swift */; };
		84EF1D8622DD2DFF00389815 /* ACTitleLabelTests.swift in Sources */ = {isa = PBXBuildFile; fileRef = 84EF1D8522DD2DFF00389815 /* ACTitleLabelTests.swift */; };
		84EF1D8822DD2E0A00389815 /* ACSubtitleLabelTests.swift in Sources */ = {isa = PBXBuildFile; fileRef = 84EF1D8722DD2E0A00389815 /* ACSubtitleLabelTests.swift */; };
		84EF1D8A22DD2E1600389815 /* ACHeaderLabelTests.swift in Sources */ = {isa = PBXBuildFile; fileRef = 84EF1D8922DD2E1600389815 /* ACHeaderLabelTests.swift */; };
		84EF1D8C22DD2EB300389815 /* ACRefreshControlTests.swift in Sources */ = {isa = PBXBuildFile; fileRef = 84EF1D8B22DD2EB300389815 /* ACRefreshControlTests.swift */; };
		84EF1D8F22DD2F6400389815 /* Theme.swift in Sources */ = {isa = PBXBuildFile; fileRef = 84EF1D8E22DD2F6400389815 /* Theme.swift */; };
		84EF1D9122DD300300389815 /* ThemeTests.swift in Sources */ = {isa = PBXBuildFile; fileRef = 84EF1D9022DD300300389815 /* ThemeTests.swift */; };
		84EF1D9D22DD317200389815 /* Aircall.swift in Sources */ = {isa = PBXBuildFile; fileRef = 84EF1D9C22DD317200389815 /* Aircall.swift */; };
		84EF1D9F22DD32B500389815 /* AircallError.swift in Sources */ = {isa = PBXBuildFile; fileRef = 84EF1D9E22DD32B500389815 /* AircallError.swift */; };
		84EF1DA122DD32C000389815 /* AircallError+LocalizedError.swift in Sources */ = {isa = PBXBuildFile; fileRef = 84EF1DA022DD32C000389815 /* AircallError+LocalizedError.swift */; };
		84EF1DA622DD332F00389815 /* resetCalls.json in Resources */ = {isa = PBXBuildFile; fileRef = 84EF1DA222DD332E00389815 /* resetCalls.json */; };
		84EF1DA722DD332F00389815 /* getCall.json in Resources */ = {isa = PBXBuildFile; fileRef = 84EF1DA322DD332E00389815 /* getCall.json */; };
		84EF1DA822DD332F00389815 /* getCalls.json in Resources */ = {isa = PBXBuildFile; fileRef = 84EF1DA422DD332E00389815 /* getCalls.json */; };
		84EF1DA922DD332F00389815 /* archiveCall.json in Resources */ = {isa = PBXBuildFile; fileRef = 84EF1DA522DD332F00389815 /* archiveCall.json */; };
		84EF1DAB22DD33A900389815 /* WSCalls.swift in Sources */ = {isa = PBXBuildFile; fileRef = 84EF1DAA22DD33A900389815 /* WSCalls.swift */; };
		84EF1DAD22DD33B000389815 /* WSCall.swift in Sources */ = {isa = PBXBuildFile; fileRef = 84EF1DAC22DD33B000389815 /* WSCall.swift */; };
		84EF1DAF22DD33B900389815 /* WSReset.swift in Sources */ = {isa = PBXBuildFile; fileRef = 84EF1DAE22DD33B900389815 /* WSReset.swift */; };
		84EF1DB122DD33C000389815 /* WSError.swift in Sources */ = {isa = PBXBuildFile; fileRef = 84EF1DB022DD33C000389815 /* WSError.swift */; };
		84EF1DB322DD33C800389815 /* WSResponse.swift in Sources */ = {isa = PBXBuildFile; fileRef = 84EF1DB222DD33C800389815 /* WSResponse.swift */; };
		84EF1DB522DD342300389815 /* CallDirection.swift in Sources */ = {isa = PBXBuildFile; fileRef = 84EF1DB422DD342300389815 /* CallDirection.swift */; };
		84EF1DB722DD342B00389815 /* CallType.swift in Sources */ = {isa = PBXBuildFile; fileRef = 84EF1DB622DD342B00389815 /* CallType.swift */; };
		84EF1DBB22DD347900389815 /* ACDate.swift in Sources */ = {isa = PBXBuildFile; fileRef = 84EF1DBA22DD347800389815 /* ACDate.swift */; };
		84EF1DBD22DD34AF00389815 /* CallRepresentable.swift in Sources */ = {isa = PBXBuildFile; fileRef = 84EF1DBC22DD34AF00389815 /* CallRepresentable.swift */; };
		84EF1DBF22DD35C200389815 /* WSCallsTests.swift in Sources */ = {isa = PBXBuildFile; fileRef = 84EF1DBE22DD35C200389815 /* WSCallsTests.swift */; };
		84EF1DC122DD35CE00389815 /* WSCallTests.swift in Sources */ = {isa = PBXBuildFile; fileRef = 84EF1DC022DD35CE00389815 /* WSCallTests.swift */; };
		84EF1DC322DD35D900389815 /* WSResetTests.swift in Sources */ = {isa = PBXBuildFile; fileRef = 84EF1DC222DD35D900389815 /* WSResetTests.swift */; };
		84EF1DC722DD379000389815 /* AircallErrorTests.swift in Sources */ = {isa = PBXBuildFile; fileRef = 84EF1DC622DD379000389815 /* AircallErrorTests.swift */; };
		84EF1DD022DD392D00389815 /* Localized.swift in Sources */ = {isa = PBXBuildFile; fileRef = 84EF1DCF22DD392D00389815 /* Localized.swift */; };
		84EF1DD222DD393D00389815 /* LocalizedKey.swift in Sources */ = {isa = PBXBuildFile; fileRef = 84EF1DD122DD393D00389815 /* LocalizedKey.swift */; };
		84EF1DD522DD3A2600389815 /* LocalizedTests.swift in Sources */ = {isa = PBXBuildFile; fileRef = 84EF1DD422DD3A2600389815 /* LocalizedTests.swift */; };
		84EF1DD722DD3A3100389815 /* LocalizedKeyTests.swift in Sources */ = {isa = PBXBuildFile; fileRef = 84EF1DD622DD3A3100389815 /* LocalizedKeyTests.swift */; };
		84EF1DD922DD3CAC00389815 /* UIRefreshControl+Refreshing.swift in Sources */ = {isa = PBXBuildFile; fileRef = 84EF1DD822DD3CAC00389815 /* UIRefreshControl+Refreshing.swift */; };
		84EF1DDB22DD3CB700389815 /* UIActivityIndicatorView+Animating.swift in Sources */ = {isa = PBXBuildFile; fileRef = 84EF1DDA22DD3CB700389815 /* UIActivityIndicatorView+Animating.swift */; };
		84EF1DDD22DD3CCB00389815 /* UIRefreshControlRefreshingTests.swift in Sources */ = {isa = PBXBuildFile; fileRef = 84EF1DDC22DD3CCB00389815 /* UIRefreshControlRefreshingTests.swift */; };
		84EF1DDF22DD3CD900389815 /* UIActivityIndicatorViewAnimatingTests.swift in Sources */ = {isa = PBXBuildFile; fileRef = 84EF1DDE22DD3CD900389815 /* UIActivityIndicatorViewAnimatingTests.swift */; };
		84EF1DE822DD3E0D00389815 /* ACDateTests.swift in Sources */ = {isa = PBXBuildFile; fileRef = 84EF1DE722DD3E0D00389815 /* ACDateTests.swift */; };
		84EF1DEB22DD3EF500389815 /* Observable+MapBusiness.swift in Sources */ = {isa = PBXBuildFile; fileRef = 84EF1DEA22DD3EF500389815 /* Observable+MapBusiness.swift */; };
		9C2F879DE20FD63CA70C78AA /* Pods_Aircall.framework in Frameworks */ = {isa = PBXBuildFile; fileRef = 1A04A294A3D95F2FE812CC86 /* Pods_Aircall.framework */; };
		FDA5BD944B7B1C7690E251A1 /* Pods_AircallUITests.framework in Frameworks */ = {isa = PBXBuildFile; fileRef = 217F0549BA2452FE5D4D9F43 /* Pods_AircallUITests.framework */; };
/* End PBXBuildFile section */

/* Begin PBXContainerItemProxy section */
		84EF1D5022DD213800389815 /* PBXContainerItemProxy */ = {
			isa = PBXContainerItemProxy;
			containerPortal = 84EF1D3022DD213700389815 /* Project object */;
			proxyType = 1;
			remoteGlobalIDString = 84EF1D3722DD213700389815;
			remoteInfo = Aircall;
		};
		84EF1D5B22DD213800389815 /* PBXContainerItemProxy */ = {
			isa = PBXContainerItemProxy;
			containerPortal = 84EF1D3022DD213700389815 /* Project object */;
			proxyType = 1;
			remoteGlobalIDString = 84EF1D3722DD213700389815;
			remoteInfo = Aircall;
		};
/* End PBXContainerItemProxy section */

/* Begin PBXFileReference section */
		1A04A294A3D95F2FE812CC86 /* Pods_Aircall.framework */ = {isa = PBXFileReference; explicitFileType = wrapper.framework; includeInIndex = 0; path = Pods_Aircall.framework; sourceTree = BUILT_PRODUCTS_DIR; };
		217F0549BA2452FE5D4D9F43 /* Pods_AircallUITests.framework */ = {isa = PBXFileReference; explicitFileType = wrapper.framework; includeInIndex = 0; path = Pods_AircallUITests.framework; sourceTree = BUILT_PRODUCTS_DIR; };
		34AB50A0C4E2FD70DB4D7177 /* Pods-AircallTests.release.xcconfig */ = {isa = PBXFileReference; includeInIndex = 1; lastKnownFileType = text.xcconfig; name = "Pods-AircallTests.release.xcconfig"; path = "Pods/Target Support Files/Pods-AircallTests/Pods-AircallTests.release.xcconfig"; sourceTree = "<group>"; };
		3C8C82A49B83CB47A4837BDF /* Pods-AircallUITests.release.xcconfig */ = {isa = PBXFileReference; includeInIndex = 1; lastKnownFileType = text.xcconfig; name = "Pods-AircallUITests.release.xcconfig"; path = "Pods/Target Support Files/Pods-AircallUITests/Pods-AircallUITests.release.xcconfig"; sourceTree = "<group>"; };
		5D93F5860F7A5C3E1BFB319F /* Pods_AircallTests.framework */ = {isa = PBXFileReference; explicitFileType = wrapper.framework; includeInIndex = 0; path = Pods_AircallTests.framework; sourceTree = BUILT_PRODUCTS_DIR; };
		7A4A08CCA9EC5B595CC7B572 /* Pods-AircallTests.debug.xcconfig */ = {isa = PBXFileReference; includeInIndex = 1; lastKnownFileType = text.xcconfig; name = "Pods-AircallTests.debug.xcconfig"; path = "Pods/Target Support Files/Pods-AircallTests/Pods-AircallTests.debug.xcconfig"; sourceTree = "<group>"; };
		7E8B9ADDFBCF0096FD450A1E /* Pods-Aircall.release.xcconfig */ = {isa = PBXFileReference; includeInIndex = 1; lastKnownFileType = text.xcconfig; name = "Pods-Aircall.release.xcconfig"; path = "Pods/Target Support Files/Pods-Aircall/Pods-Aircall.release.xcconfig"; sourceTree = "<group>"; };
		7F3166A3CACC57FAC1E25587 /* Pods-Aircall.debug.xcconfig */ = {isa = PBXFileReference; includeInIndex = 1; lastKnownFileType = text.xcconfig; name = "Pods-Aircall.debug.xcconfig"; path = "Pods/Target Support Files/Pods-Aircall/Pods-Aircall.debug.xcconfig"; sourceTree = "<group>"; };
		84EF1D3822DD213700389815 /* Aircall.app */ = {isa = PBXFileReference; explicitFileType = wrapper.application; includeInIndex = 0; path = Aircall.app; sourceTree = BUILT_PRODUCTS_DIR; };
		84EF1D3B22DD213700389815 /* AppDelegate.swift */ = {isa = PBXFileReference; lastKnownFileType = sourcecode.swift; path = AppDelegate.swift; sourceTree = "<group>"; };
		84EF1D3D22DD213700389815 /* ViewController.swift */ = {isa = PBXFileReference; lastKnownFileType = sourcecode.swift; path = ViewController.swift; sourceTree = "<group>"; };
		84EF1D4022DD213700389815 /* Base */ = {isa = PBXFileReference; lastKnownFileType = file.storyboard; name = Base; path = Base.lproj/Main.storyboard; sourceTree = "<group>"; };
		84EF1D4322DD213700389815 /* Aircall.xcdatamodel */ = {isa = PBXFileReference; lastKnownFileType = wrapper.xcdatamodel; path = Aircall.xcdatamodel; sourceTree = "<group>"; };
		84EF1D4522DD213800389815 /* Assets.xcassets */ = {isa = PBXFileReference; lastKnownFileType = folder.assetcatalog; path = Assets.xcassets; sourceTree = "<group>"; };
		84EF1D4822DD213800389815 /* Base */ = {isa = PBXFileReference; lastKnownFileType = file.storyboard; name = Base; path = Base.lproj/LaunchScreen.storyboard; sourceTree = "<group>"; };
		84EF1D4A22DD213800389815 /* Info.plist */ = {isa = PBXFileReference; lastKnownFileType = text.plist.xml; path = Info.plist; sourceTree = "<group>"; };
		84EF1D4F22DD213800389815 /* AircallTests.xctest */ = {isa = PBXFileReference; explicitFileType = wrapper.cfbundle; includeInIndex = 0; path = AircallTests.xctest; sourceTree = BUILT_PRODUCTS_DIR; };
		84EF1D5322DD213800389815 /* AircallTests.swift */ = {isa = PBXFileReference; lastKnownFileType = sourcecode.swift; path = AircallTests.swift; sourceTree = "<group>"; };
		84EF1D5522DD213800389815 /* Info.plist */ = {isa = PBXFileReference; lastKnownFileType = text.plist.xml; path = Info.plist; sourceTree = "<group>"; };
		84EF1D5A22DD213800389815 /* AircallUITests.xctest */ = {isa = PBXFileReference; explicitFileType = wrapper.cfbundle; includeInIndex = 0; path = AircallUITests.xctest; sourceTree = BUILT_PRODUCTS_DIR; };
		84EF1D5E22DD213800389815 /* AircallUITests.swift */ = {isa = PBXFileReference; lastKnownFileType = sourcecode.swift; path = AircallUITests.swift; sourceTree = "<group>"; };
		84EF1D6022DD213800389815 /* Info.plist */ = {isa = PBXFileReference; lastKnownFileType = text.plist.xml; path = Info.plist; sourceTree = "<group>"; };
		84EF1D7022DD288500389815 /* ColorName.swift */ = {isa = PBXFileReference; lastKnownFileType = sourcecode.swift; path = ColorName.swift; sourceTree = "<group>"; };
		84EF1D7322DD28E800389815 /* ColorNameTests.swift */ = {isa = PBXFileReference; lastKnownFileType = sourcecode.swift; path = ColorNameTests.swift; sourceTree = "<group>"; };
		84EF1D7522DD29F000389815 /* Color.swift */ = {isa = PBXFileReference; lastKnownFileType = sourcecode.swift; path = Color.swift; sourceTree = "<group>"; };
		84EF1D7722DD2A7000389815 /* ColorTests.swift */ = {isa = PBXFileReference; lastKnownFileType = sourcecode.swift; path = ColorTests.swift; sourceTree = "<group>"; };
		84EF1D7922DD2BFE00389815 /* YSLabel.swift */ = {isa = PBXFileReference; lastKnownFileType = sourcecode.swift; path = YSLabel.swift; sourceTree = "<group>"; };
		84EF1D7B22DD2C1200389815 /* YSRefreshControl.swift */ = {isa = PBXFileReference; lastKnownFileType = sourcecode.swift; path = YSRefreshControl.swift; sourceTree = "<group>"; };
		84EF1D7D22DD2C7300389815 /* ACTitleLabel.swift */ = {isa = PBXFileReference; lastKnownFileType = sourcecode.swift; path = ACTitleLabel.swift; sourceTree = "<group>"; };
		84EF1D7F22DD2C7F00389815 /* ACSubtitleLabel.swift */ = {isa = PBXFileReference; lastKnownFileType = sourcecode.swift; path = ACSubtitleLabel.swift; sourceTree = "<group>"; };
		84EF1D8122DD2C8A00389815 /* ACHeaderLabel.swift */ = {isa = PBXFileReference; lastKnownFileType = sourcecode.swift; path = ACHeaderLabel.swift; sourceTree = "<group>"; };
		84EF1D8322DD2D5000389815 /* ACRefreshControl.swift */ = {isa = PBXFileReference; lastKnownFileType = sourcecode.swift; path = ACRefreshControl.swift; sourceTree = "<group>"; };
		84EF1D8522DD2DFF00389815 /* ACTitleLabelTests.swift */ = {isa = PBXFileReference; lastKnownFileType = sourcecode.swift; path = ACTitleLabelTests.swift; sourceTree = "<group>"; };
		84EF1D8722DD2E0A00389815 /* ACSubtitleLabelTests.swift */ = {isa = PBXFileReference; lastKnownFileType = sourcecode.swift; path = ACSubtitleLabelTests.swift; sourceTree = "<group>"; };
		84EF1D8922DD2E1600389815 /* ACHeaderLabelTests.swift */ = {isa = PBXFileReference; lastKnownFileType = sourcecode.swift; path = ACHeaderLabelTests.swift; sourceTree = "<group>"; };
		84EF1D8B22DD2EB300389815 /* ACRefreshControlTests.swift */ = {isa = PBXFileReference; lastKnownFileType = sourcecode.swift; path = ACRefreshControlTests.swift; sourceTree = "<group>"; };
		84EF1D8E22DD2F6400389815 /* Theme.swift */ = {isa = PBXFileReference; lastKnownFileType = sourcecode.swift; path = Theme.swift; sourceTree = "<group>"; };
		84EF1D9022DD300300389815 /* ThemeTests.swift */ = {isa = PBXFileReference; lastKnownFileType = sourcecode.swift; path = ThemeTests.swift; sourceTree = "<group>"; };
		84EF1D9C22DD317200389815 /* Aircall.swift */ = {isa = PBXFileReference; lastKnownFileType = sourcecode.swift; path = Aircall.swift; sourceTree = "<group>"; };
		84EF1D9E22DD32B500389815 /* AircallError.swift */ = {isa = PBXFileReference; lastKnownFileType = sourcecode.swift; path = AircallError.swift; sourceTree = "<group>"; };
		84EF1DA022DD32C000389815 /* AircallError+LocalizedError.swift */ = {isa = PBXFileReference; lastKnownFileType = sourcecode.swift; path = "AircallError+LocalizedError.swift"; sourceTree = "<group>"; };
		84EF1DA222DD332E00389815 /* resetCalls.json */ = {isa = PBXFileReference; fileEncoding = 4; lastKnownFileType = text.json; path = resetCalls.json; sourceTree = "<group>"; };
		84EF1DA322DD332E00389815 /* getCall.json */ = {isa = PBXFileReference; fileEncoding = 4; lastKnownFileType = text.json; path = getCall.json; sourceTree = "<group>"; };
		84EF1DA422DD332E00389815 /* getCalls.json */ = {isa = PBXFileReference; fileEncoding = 4; lastKnownFileType = text.json; path = getCalls.json; sourceTree = "<group>"; };
		84EF1DA522DD332F00389815 /* archiveCall.json */ = {isa = PBXFileReference; fileEncoding = 4; lastKnownFileType = text.json; path = archiveCall.json; sourceTree = "<group>"; };
		84EF1DAA22DD33A900389815 /* WSCalls.swift */ = {isa = PBXFileReference; lastKnownFileType = sourcecode.swift; path = WSCalls.swift; sourceTree = "<group>"; };
		84EF1DAC22DD33B000389815 /* WSCall.swift */ = {isa = PBXFileReference; lastKnownFileType = sourcecode.swift; path = WSCall.swift; sourceTree = "<group>"; };
		84EF1DAE22DD33B900389815 /* WSReset.swift */ = {isa = PBXFileReference; lastKnownFileType = sourcecode.swift; path = WSReset.swift; sourceTree = "<group>"; };
		84EF1DB022DD33C000389815 /* WSError.swift */ = {isa = PBXFileReference; lastKnownFileType = sourcecode.swift; path = WSError.swift; sourceTree = "<group>"; };
		84EF1DB222DD33C800389815 /* WSResponse.swift */ = {isa = PBXFileReference; lastKnownFileType = sourcecode.swift; path = WSResponse.swift; sourceTree = "<group>"; };
		84EF1DB422DD342300389815 /* CallDirection.swift */ = {isa = PBXFileReference; lastKnownFileType = sourcecode.swift; path = CallDirection.swift; sourceTree = "<group>"; };
		84EF1DB622DD342B00389815 /* CallType.swift */ = {isa = PBXFileReference; lastKnownFileType = sourcecode.swift; path = CallType.swift; sourceTree = "<group>"; };
		84EF1DBA22DD347800389815 /* ACDate.swift */ = {isa = PBXFileReference; lastKnownFileType = sourcecode.swift; path = ACDate.swift; sourceTree = "<group>"; };
		84EF1DBC22DD34AF00389815 /* CallRepresentable.swift */ = {isa = PBXFileReference; lastKnownFileType = sourcecode.swift; path = CallRepresentable.swift; sourceTree = "<group>"; };
		84EF1DBE22DD35C200389815 /* WSCallsTests.swift */ = {isa = PBXFileReference; lastKnownFileType = sourcecode.swift; path = WSCallsTests.swift; sourceTree = "<group>"; };
		84EF1DC022DD35CE00389815 /* WSCallTests.swift */ = {isa = PBXFileReference; lastKnownFileType = sourcecode.swift; path = WSCallTests.swift; sourceTree = "<group>"; };
		84EF1DC222DD35D900389815 /* WSResetTests.swift */ = {isa = PBXFileReference; lastKnownFileType = sourcecode.swift; path = WSResetTests.swift; sourceTree = "<group>"; };
		84EF1DC622DD379000389815 /* AircallErrorTests.swift */ = {isa = PBXFileReference; lastKnownFileType = sourcecode.swift; path = AircallErrorTests.swift; sourceTree = "<group>"; };
		84EF1DCF22DD392D00389815 /* Localized.swift */ = {isa = PBXFileReference; lastKnownFileType = sourcecode.swift; path = Localized.swift; sourceTree = "<group>"; };
		84EF1DD122DD393D00389815 /* LocalizedKey.swift */ = {isa = PBXFileReference; lastKnownFileType = sourcecode.swift; path = LocalizedKey.swift; sourceTree = "<group>"; };
		84EF1DD422DD3A2600389815 /* LocalizedTests.swift */ = {isa = PBXFileReference; lastKnownFileType = sourcecode.swift; path = LocalizedTests.swift; sourceTree = "<group>"; };
		84EF1DD622DD3A3100389815 /* LocalizedKeyTests.swift */ = {isa = PBXFileReference; lastKnownFileType = sourcecode.swift; path = LocalizedKeyTests.swift; sourceTree = "<group>"; };
		84EF1DD822DD3CAC00389815 /* UIRefreshControl+Refreshing.swift */ = {isa = PBXFileReference; lastKnownFileType = sourcecode.swift; path = "UIRefreshControl+Refreshing.swift"; sourceTree = "<group>"; };
		84EF1DDA22DD3CB700389815 /* UIActivityIndicatorView+Animating.swift */ = {isa = PBXFileReference; lastKnownFileType = sourcecode.swift; path = "UIActivityIndicatorView+Animating.swift"; sourceTree = "<group>"; };
		84EF1DDC22DD3CCB00389815 /* UIRefreshControlRefreshingTests.swift */ = {isa = PBXFileReference; lastKnownFileType = sourcecode.swift; path = UIRefreshControlRefreshingTests.swift; sourceTree = "<group>"; };
		84EF1DDE22DD3CD900389815 /* UIActivityIndicatorViewAnimatingTests.swift */ = {isa = PBXFileReference; lastKnownFileType = sourcecode.swift; path = UIActivityIndicatorViewAnimatingTests.swift; sourceTree = "<group>"; };
		84EF1DE722DD3E0D00389815 /* ACDateTests.swift */ = {isa = PBXFileReference; lastKnownFileType = sourcecode.swift; path = ACDateTests.swift; sourceTree = "<group>"; };
		84EF1DEA22DD3EF500389815 /* Observable+MapBusiness.swift */ = {isa = PBXFileReference; lastKnownFileType = sourcecode.swift; path = "Observable+MapBusiness.swift"; sourceTree = "<group>"; };
		EF1B8CA0FEE634D9BB272EE5 /* Pods-AircallUITests.debug.xcconfig */ = {isa = PBXFileReference; includeInIndex = 1; lastKnownFileType = text.xcconfig; name = "Pods-AircallUITests.debug.xcconfig"; path = "Pods/Target Support Files/Pods-AircallUITests/Pods-AircallUITests.debug.xcconfig"; sourceTree = "<group>"; };
/* End PBXFileReference section */

/* Begin PBXFrameworksBuildPhase section */
		84EF1D3522DD213700389815 /* Frameworks */ = {
			isa = PBXFrameworksBuildPhase;
			buildActionMask = 2147483647;
			files = (
				9C2F879DE20FD63CA70C78AA /* Pods_Aircall.framework in Frameworks */,
			);
			runOnlyForDeploymentPostprocessing = 0;
		};
		84EF1D4C22DD213800389815 /* Frameworks */ = {
			isa = PBXFrameworksBuildPhase;
			buildActionMask = 2147483647;
			files = (
				036F6CC1D72484289A145040 /* Pods_AircallTests.framework in Frameworks */,
			);
			runOnlyForDeploymentPostprocessing = 0;
		};
		84EF1D5722DD213800389815 /* Frameworks */ = {
			isa = PBXFrameworksBuildPhase;
			buildActionMask = 2147483647;
			files = (
				FDA5BD944B7B1C7690E251A1 /* Pods_AircallUITests.framework in Frameworks */,
			);
			runOnlyForDeploymentPostprocessing = 0;
		};
/* End PBXFrameworksBuildPhase section */

/* Begin PBXGroup section */
		514F3446A67F97CFEB74D891 /* Pods */ = {
			isa = PBXGroup;
			children = (
				7F3166A3CACC57FAC1E25587 /* Pods-Aircall.debug.xcconfig */,
				7E8B9ADDFBCF0096FD450A1E /* Pods-Aircall.release.xcconfig */,
				7A4A08CCA9EC5B595CC7B572 /* Pods-AircallTests.debug.xcconfig */,
				34AB50A0C4E2FD70DB4D7177 /* Pods-AircallTests.release.xcconfig */,
				EF1B8CA0FEE634D9BB272EE5 /* Pods-AircallUITests.debug.xcconfig */,
				3C8C82A49B83CB47A4837BDF /* Pods-AircallUITests.release.xcconfig */,
			);
			name = Pods;
			sourceTree = "<group>";
		};
		766332A4A0DACBC246F74E8F /* Frameworks */ = {
			isa = PBXGroup;
			children = (
				1A04A294A3D95F2FE812CC86 /* Pods_Aircall.framework */,
				5D93F5860F7A5C3E1BFB319F /* Pods_AircallTests.framework */,
				217F0549BA2452FE5D4D9F43 /* Pods_AircallUITests.framework */,
			);
			name = Frameworks;
			sourceTree = "<group>";
		};
		84EF1D2F22DD213700389815 = {
			isa = PBXGroup;
			children = (
				84EF1D3A22DD213700389815 /* Aircall */,
				84EF1D5222DD213800389815 /* AircallTests */,
				84EF1D5D22DD213800389815 /* AircallUITests */,
				84EF1D3922DD213700389815 /* Products */,
				514F3446A67F97CFEB74D891 /* Pods */,
				766332A4A0DACBC246F74E8F /* Frameworks */,
			);
			sourceTree = "<group>";
		};
		84EF1D3922DD213700389815 /* Products */ = {
			isa = PBXGroup;
			children = (
				84EF1D3822DD213700389815 /* Aircall.app */,
				84EF1D4F22DD213800389815 /* AircallTests.xctest */,
				84EF1D5A22DD213800389815 /* AircallUITests.xctest */,
			);
			name = Products;
			sourceTree = "<group>";
		};
		84EF1D3A22DD213700389815 /* Aircall */ = {
			isa = PBXGroup;
			children = (
				84EF1D4A22DD213800389815 /* Info.plist */,
				84EF1D3B22DD213700389815 /* AppDelegate.swift */,
				84EF1D6E22DD270900389815 /* Scenes */,
				84EF1DC822DD388900389815 /* Network */,
				84EF1D6D22DD26FC00389815 /* Data */,
				84EF1D6F22DD271700389815 /* Theme */,
				84EF1DE422DD3DB600389815 /* Common */,
			);
			path = Aircall;
			sourceTree = "<group>";
		};
		84EF1D5222DD213800389815 /* AircallTests */ = {
			isa = PBXGroup;
			children = (
				84EF1D5522DD213800389815 /* Info.plist */,
				84EF1DCC22DD38C200389815 /* Network */,
				84EF1D9722DD30D900389815 /* Theme */,
				84EF1DE322DD3DAF00389815 /* Common */,
			);
			path = AircallTests;
			sourceTree = "<group>";
		};
		84EF1D5D22DD213800389815 /* AircallUITests */ = {
			isa = PBXGroup;
			children = (
				84EF1D5E22DD213800389815 /* AircallUITests.swift */,
				84EF1D6022DD213800389815 /* Info.plist */,
			);
			path = AircallUITests;
			sourceTree = "<group>";
		};
		84EF1D6D22DD26FC00389815 /* Data */ = {
			isa = PBXGroup;
			children = (
				84EF1D4222DD213700389815 /* Aircall.xcdatamodeld */,
				84EF1DB422DD342300389815 /* CallDirection.swift */,
				84EF1DB622DD342B00389815 /* CallType.swift */,
			);
			path = Data;
			sourceTree = "<group>";
		};
		84EF1D6E22DD270900389815 /* Scenes */ = {
			isa = PBXGroup;
			children = (
				84EF1D3F22DD213700389815 /* Main.storyboard */,
				84EF1D4722DD213800389815 /* LaunchScreen.storyboard */,
				84EF1D3D22DD213700389815 /* ViewController.swift */,
			);
			path = Scenes;
			sourceTree = "<group>";
		};
		84EF1D6F22DD271700389815 /* Theme */ = {
			isa = PBXGroup;
			children = (
				84EF1D4522DD213800389815 /* Assets.xcassets */,
				84EF1D8E22DD2F6400389815 /* Theme.swift */,
				84EF1D9222DD307D00389815 /* Colors */,
				84EF1D9322DD308E00389815 /* Components */,
			);
			path = Theme;
			sourceTree = "<group>";
		};
		84EF1D9222DD307D00389815 /* Colors */ = {
			isa = PBXGroup;
			children = (
				84EF1D7522DD29F000389815 /* Color.swift */,
				84EF1D7022DD288500389815 /* ColorName.swift */,
			);
			path = Colors;
			sourceTree = "<group>";
		};
		84EF1D9322DD308E00389815 /* Components */ = {
			isa = PBXGroup;
			children = (
				84EF1D9422DD309500389815 /* YSKit */,
				84EF1D9522DD309D00389815 /* Labels */,
				84EF1D9622DD30A400389815 /* RefreshControls */,
			);
			path = Components;
			sourceTree = "<group>";
		};
		84EF1D9422DD309500389815 /* YSKit */ = {
			isa = PBXGroup;
			children = (
				84EF1D7922DD2BFE00389815 /* YSLabel.swift */,
				84EF1D7B22DD2C1200389815 /* YSRefreshControl.swift */,
			);
			path = YSKit;
			sourceTree = "<group>";
		};
		84EF1D9522DD309D00389815 /* Labels */ = {
			isa = PBXGroup;
			children = (
				84EF1D7D22DD2C7300389815 /* ACTitleLabel.swift */,
				84EF1D7F22DD2C7F00389815 /* ACSubtitleLabel.swift */,
				84EF1D8122DD2C8A00389815 /* ACHeaderLabel.swift */,
			);
			path = Labels;
			sourceTree = "<group>";
		};
		84EF1D9622DD30A400389815 /* RefreshControls */ = {
			isa = PBXGroup;
			children = (
				84EF1D8322DD2D5000389815 /* ACRefreshControl.swift */,
			);
			path = RefreshControls;
			sourceTree = "<group>";
		};
		84EF1D9722DD30D900389815 /* Theme */ = {
			isa = PBXGroup;
			children = (
				84EF1D9022DD300300389815 /* ThemeTests.swift */,
				84EF1D9822DD30E500389815 /* Colors */,
				84EF1D9922DD30F300389815 /* Components */,
			);
			path = Theme;
			sourceTree = "<group>";
		};
		84EF1D9822DD30E500389815 /* Colors */ = {
			isa = PBXGroup;
			children = (
				84EF1D7722DD2A7000389815 /* ColorTests.swift */,
				84EF1D7322DD28E800389815 /* ColorNameTests.swift */,
			);
			path = Colors;
			sourceTree = "<group>";
		};
		84EF1D9922DD30F300389815 /* Components */ = {
			isa = PBXGroup;
			children = (
				84EF1D9A22DD30FB00389815 /* Labels */,
				84EF1D9B22DD310100389815 /* RefreshControls */,
			);
			path = Components;
			sourceTree = "<group>";
		};
		84EF1D9A22DD30FB00389815 /* Labels */ = {
			isa = PBXGroup;
			children = (
				84EF1D8522DD2DFF00389815 /* ACTitleLabelTests.swift */,
				84EF1D8722DD2E0A00389815 /* ACSubtitleLabelTests.swift */,
				84EF1D8922DD2E1600389815 /* ACHeaderLabelTests.swift */,
			);
			path = Labels;
			sourceTree = "<group>";
		};
		84EF1D9B22DD310100389815 /* RefreshControls */ = {
			isa = PBXGroup;
			children = (
				84EF1D8B22DD2EB300389815 /* ACRefreshControlTests.swift */,
			);
			path = RefreshControls;
			sourceTree = "<group>";
		};
		84EF1DC822DD388900389815 /* Network */ = {
			isa = PBXGroup;
			children = (
				84EF1D9C22DD317200389815 /* Aircall.swift */,
				84EF1DCB22DD38A500389815 /* Payloads */,
				84EF1DCA22DD389C00389815 /* Errors */,
				84EF1DC922DD389500389815 /* Stubs */,
			);
			path = Network;
			sourceTree = "<group>";
		};
		84EF1DC922DD389500389815 /* Stubs */ = {
			isa = PBXGroup;
			children = (
				84EF1DA422DD332E00389815 /* getCalls.json */,
				84EF1DA222DD332E00389815 /* resetCalls.json */,
				84EF1DA322DD332E00389815 /* getCall.json */,
				84EF1DA522DD332F00389815 /* archiveCall.json */,
			);
			path = Stubs;
			sourceTree = "<group>";
		};
		84EF1DCA22DD389C00389815 /* Errors */ = {
			isa = PBXGroup;
			children = (
				84EF1D9E22DD32B500389815 /* AircallError.swift */,
				84EF1DA022DD32C000389815 /* AircallError+LocalizedError.swift */,
			);
			path = Errors;
			sourceTree = "<group>";
		};
		84EF1DCB22DD38A500389815 /* Payloads */ = {
			isa = PBXGroup;
			children = (
				84EF1DAA22DD33A900389815 /* WSCalls.swift */,
				84EF1DAC22DD33B000389815 /* WSCall.swift */,
				84EF1DAE22DD33B900389815 /* WSReset.swift */,
				84EF1DB022DD33C000389815 /* WSError.swift */,
				84EF1DB222DD33C800389815 /* WSResponse.swift */,
			);
			path = Payloads;
			sourceTree = "<group>";
		};
		84EF1DCC22DD38C200389815 /* Network */ = {
			isa = PBXGroup;
			children = (
				84EF1D5322DD213800389815 /* AircallTests.swift */,
				84EF1DCD22DD38CE00389815 /* Payloads */,
				84EF1DCE22DD38D800389815 /* Errors */,
			);
			path = Network;
			sourceTree = "<group>";
		};
		84EF1DCD22DD38CE00389815 /* Payloads */ = {
			isa = PBXGroup;
			children = (
				84EF1DBE22DD35C200389815 /* WSCallsTests.swift */,
				84EF1DC022DD35CE00389815 /* WSCallTests.swift */,
				84EF1DC222DD35D900389815 /* WSResetTests.swift */,
			);
			path = Payloads;
			sourceTree = "<group>";
		};
		84EF1DCE22DD38D800389815 /* Errors */ = {
			isa = PBXGroup;
			children = (
				84EF1DC622DD379000389815 /* AircallErrorTests.swift */,
			);
			path = Errors;
			sourceTree = "<group>";
		};
		84EF1DD322DD397800389815 /* Localization */ = {
			isa = PBXGroup;
			children = (
				84EF1DCF22DD392D00389815 /* Localized.swift */,
				84EF1DD122DD393D00389815 /* LocalizedKey.swift */,
			);
			path = Localization;
			sourceTree = "<group>";
		};
		84EF1DE022DD3D7400389815 /* Extensions */ = {
			isa = PBXGroup;
			children = (
				84EF1DD822DD3CAC00389815 /* UIRefreshControl+Refreshing.swift */,
				84EF1DDA22DD3CB700389815 /* UIActivityIndicatorView+Animating.swift */,
			);
			path = Extensions;
			sourceTree = "<group>";
		};
		84EF1DE122DD3D7B00389815 /* Extensions */ = {
			isa = PBXGroup;
			children = (
				84EF1DDC22DD3CCB00389815 /* UIRefreshControlRefreshingTests.swift */,
				84EF1DDE22DD3CD900389815 /* UIActivityIndicatorViewAnimatingTests.swift */,
			);
			path = Extensions;
			sourceTree = "<group>";
		};
		84EF1DE222DD3D8700389815 /* Localization */ = {
			isa = PBXGroup;
			children = (
				84EF1DD422DD3A2600389815 /* LocalizedTests.swift */,
				84EF1DD622DD3A3100389815 /* LocalizedKeyTests.swift */,
			);
			path = Localization;
			sourceTree = "<group>";
		};
		84EF1DE322DD3DAF00389815 /* Common */ = {
			isa = PBXGroup;
			children = (
				84EF1DE222DD3D8700389815 /* Localization */,
				84EF1DE122DD3D7B00389815 /* Extensions */,
				84EF1DE922DD3E1000389815 /* Utils */,
			);
			path = Common;
			sourceTree = "<group>";
		};
		84EF1DE422DD3DB600389815 /* Common */ = {
			isa = PBXGroup;
			children = (
				84EF1DD322DD397800389815 /* Localization */,
				84EF1DE022DD3D7400389815 /* Extensions */,
				84EF1DE522DD3DC300389815 /* Protocols */,
				84EF1DE622DD3DD300389815 /* Utils */,
			);
			path = Common;
			sourceTree = "<group>";
		};
		84EF1DE522DD3DC300389815 /* Protocols */ = {
			isa = PBXGroup;
			children = (
				84EF1DBC22DD34AF00389815 /* CallRepresentable.swift */,
			);
			path = Protocols;
			sourceTree = "<group>";
		};
		84EF1DE622DD3DD300389815 /* Utils */ = {
			isa = PBXGroup;
			children = (
				84EF1DBA22DD347800389815 /* ACDate.swift */,
				84EF1DEA22DD3EF500389815 /* Observable+MapBusiness.swift */,
			);
			path = Utils;
			sourceTree = "<group>";
		};
		84EF1DE922DD3E1000389815 /* Utils */ = {
			isa = PBXGroup;
			children = (
				84EF1DE722DD3E0D00389815 /* ACDateTests.swift */,
			);
			path = Utils;
			sourceTree = "<group>";
		};
/* End PBXGroup section */

/* Begin PBXNativeTarget section */
		84EF1D3722DD213700389815 /* Aircall */ = {
			isa = PBXNativeTarget;
			buildConfigurationList = 84EF1D6322DD213800389815 /* Build configuration list for PBXNativeTarget "Aircall" */;
			buildPhases = (
				DA9D779620FAB1E89CDDBEB9 /* [CP] Check Pods Manifest.lock */,
				84EF1D3422DD213700389815 /* Sources */,
				84EF1D3522DD213700389815 /* Frameworks */,
				84EF1D3622DD213700389815 /* Resources */,
				84EF1D6C22DD231300389815 /* ShellScript */,
				916FF7D557989E694B020408 /* [CP] Embed Pods Frameworks */,
			);
			buildRules = (
			);
			dependencies = (
			);
			name = Aircall;
			productName = Aircall;
			productReference = 84EF1D3822DD213700389815 /* Aircall.app */;
			productType = "com.apple.product-type.application";
		};
		84EF1D4E22DD213800389815 /* AircallTests */ = {
			isa = PBXNativeTarget;
			buildConfigurationList = 84EF1D6622DD213800389815 /* Build configuration list for PBXNativeTarget "AircallTests" */;
			buildPhases = (
				DE1EDF08FF39EC12FE77DE0F /* [CP] Check Pods Manifest.lock */,
				84EF1D4B22DD213800389815 /* Sources */,
				84EF1D4C22DD213800389815 /* Frameworks */,
				84EF1D4D22DD213800389815 /* Resources */,
			);
			buildRules = (
			);
			dependencies = (
				84EF1D5122DD213800389815 /* PBXTargetDependency */,
			);
			name = AircallTests;
			productName = AircallTests;
			productReference = 84EF1D4F22DD213800389815 /* AircallTests.xctest */;
			productType = "com.apple.product-type.bundle.unit-test";
		};
		84EF1D5922DD213800389815 /* AircallUITests */ = {
			isa = PBXNativeTarget;
			buildConfigurationList = 84EF1D6922DD213800389815 /* Build configuration list for PBXNativeTarget "AircallUITests" */;
			buildPhases = (
				EF427949E9A86443AC3D7CFA /* [CP] Check Pods Manifest.lock */,
				84EF1D5622DD213800389815 /* Sources */,
				84EF1D5722DD213800389815 /* Frameworks */,
				84EF1D5822DD213800389815 /* Resources */,
			);
			buildRules = (
			);
			dependencies = (
				84EF1D5C22DD213800389815 /* PBXTargetDependency */,
			);
			name = AircallUITests;
			productName = AircallUITests;
			productReference = 84EF1D5A22DD213800389815 /* AircallUITests.xctest */;
			productType = "com.apple.product-type.bundle.ui-testing";
		};
/* End PBXNativeTarget section */

/* Begin PBXProject section */
		84EF1D3022DD213700389815 /* Project object */ = {
			isa = PBXProject;
			attributes = {
				LastSwiftUpdateCheck = 1020;
				LastUpgradeCheck = 1020;
				ORGANIZATIONNAME = "Yanis SG";
				TargetAttributes = {
					84EF1D3722DD213700389815 = {
						CreatedOnToolsVersion = 10.2.1;
					};
					84EF1D4E22DD213800389815 = {
						CreatedOnToolsVersion = 10.2.1;
						TestTargetID = 84EF1D3722DD213700389815;
					};
					84EF1D5922DD213800389815 = {
						CreatedOnToolsVersion = 10.2.1;
						TestTargetID = 84EF1D3722DD213700389815;
					};
				};
			};
			buildConfigurationList = 84EF1D3322DD213700389815 /* Build configuration list for PBXProject "Aircall" */;
			compatibilityVersion = "Xcode 9.3";
			developmentRegion = en;
			hasScannedForEncodings = 0;
			knownRegions = (
				en,
				Base,
			);
			mainGroup = 84EF1D2F22DD213700389815;
			productRefGroup = 84EF1D3922DD213700389815 /* Products */;
			projectDirPath = "";
			projectRoot = "";
			targets = (
				84EF1D3722DD213700389815 /* Aircall */,
				84EF1D4E22DD213800389815 /* AircallTests */,
				84EF1D5922DD213800389815 /* AircallUITests */,
			);
		};
/* End PBXProject section */

/* Begin PBXResourcesBuildPhase section */
		84EF1D3622DD213700389815 /* Resources */ = {
			isa = PBXResourcesBuildPhase;
			buildActionMask = 2147483647;
			files = (
				84EF1D4922DD213800389815 /* LaunchScreen.storyboard in Resources */,
				84EF1DA922DD332F00389815 /* archiveCall.json in Resources */,
				84EF1DA722DD332F00389815 /* getCall.json in Resources */,
				84EF1DA822DD332F00389815 /* getCalls.json in Resources */,
				84EF1DA622DD332F00389815 /* resetCalls.json in Resources */,
				84EF1D4622DD213800389815 /* Assets.xcassets in Resources */,
				84EF1D4122DD213700389815 /* Main.storyboard in Resources */,
			);
			runOnlyForDeploymentPostprocessing = 0;
		};
		84EF1D4D22DD213800389815 /* Resources */ = {
			isa = PBXResourcesBuildPhase;
			buildActionMask = 2147483647;
			files = (
			);
			runOnlyForDeploymentPostprocessing = 0;
		};
		84EF1D5822DD213800389815 /* Resources */ = {
			isa = PBXResourcesBuildPhase;
			buildActionMask = 2147483647;
			files = (
			);
			runOnlyForDeploymentPostprocessing = 0;
		};
/* End PBXResourcesBuildPhase section */

/* Begin PBXShellScriptBuildPhase section */
		84EF1D6C22DD231300389815 /* ShellScript */ = {
			isa = PBXShellScriptBuildPhase;
			buildActionMask = 2147483647;
			files = (
			);
			inputFileListPaths = (
			);
			inputPaths = (
			);
			outputFileListPaths = (
			);
			outputPaths = (
			);
			runOnlyForDeploymentPostprocessing = 0;
			shellPath = /bin/sh;
			shellScript = "if which \"${PODS_ROOT}/SwiftLint/swiftlint\" >/dev/null; then\n  \"${PODS_ROOT}/SwiftLint/swiftlint\"\nelse\n  echo \"warning: SwiftLint not installed, download from https://github.com/realm/SwiftLint\"\nfi\n";
		};
		916FF7D557989E694B020408 /* [CP] Embed Pods Frameworks */ = {
			isa = PBXShellScriptBuildPhase;
			buildActionMask = 2147483647;
			files = (
			);
			inputFileListPaths = (
			);
			inputPaths = (
				"${SRCROOT}/Pods/Target Support Files/Pods-Aircall/Pods-Aircall-frameworks.sh",
				"${BUILT_PRODUCTS_DIR}/Alamofire/Alamofire.framework",
				"${BUILT_PRODUCTS_DIR}/Differentiator/Differentiator.framework",
				"${BUILT_PRODUCTS_DIR}/MarqueeLabel/MarqueeLabel.framework",
				"${BUILT_PRODUCTS_DIR}/Moya/Moya.framework",
				"${BUILT_PRODUCTS_DIR}/NotificationBannerSwift/NotificationBannerSwift.framework",
				"${BUILT_PRODUCTS_DIR}/Result/Result.framework",
				"${BUILT_PRODUCTS_DIR}/Reusable/Reusable.framework",
				"${BUILT_PRODUCTS_DIR}/RxCocoa/RxCocoa.framework",
				"${BUILT_PRODUCTS_DIR}/RxCoreData/RxCoreData.framework",
				"${BUILT_PRODUCTS_DIR}/RxDataSources/RxDataSources.framework",
				"${BUILT_PRODUCTS_DIR}/RxSwift/RxSwift.framework",
				"${BUILT_PRODUCTS_DIR}/RxSwiftExt/RxSwiftExt.framework",
				"${BUILT_PRODUCTS_DIR}/SnapKit/SnapKit.framework",
			);
			name = "[CP] Embed Pods Frameworks";
			outputFileListPaths = (
			);
			outputPaths = (
				"${TARGET_BUILD_DIR}/${FRAMEWORKS_FOLDER_PATH}/Alamofire.framework",
				"${TARGET_BUILD_DIR}/${FRAMEWORKS_FOLDER_PATH}/Differentiator.framework",
				"${TARGET_BUILD_DIR}/${FRAMEWORKS_FOLDER_PATH}/MarqueeLabel.framework",
				"${TARGET_BUILD_DIR}/${FRAMEWORKS_FOLDER_PATH}/Moya.framework",
				"${TARGET_BUILD_DIR}/${FRAMEWORKS_FOLDER_PATH}/NotificationBannerSwift.framework",
				"${TARGET_BUILD_DIR}/${FRAMEWORKS_FOLDER_PATH}/Result.framework",
				"${TARGET_BUILD_DIR}/${FRAMEWORKS_FOLDER_PATH}/Reusable.framework",
				"${TARGET_BUILD_DIR}/${FRAMEWORKS_FOLDER_PATH}/RxCocoa.framework",
				"${TARGET_BUILD_DIR}/${FRAMEWORKS_FOLDER_PATH}/RxCoreData.framework",
				"${TARGET_BUILD_DIR}/${FRAMEWORKS_FOLDER_PATH}/RxDataSources.framework",
				"${TARGET_BUILD_DIR}/${FRAMEWORKS_FOLDER_PATH}/RxSwift.framework",
				"${TARGET_BUILD_DIR}/${FRAMEWORKS_FOLDER_PATH}/RxSwiftExt.framework",
				"${TARGET_BUILD_DIR}/${FRAMEWORKS_FOLDER_PATH}/SnapKit.framework",
			);
			runOnlyForDeploymentPostprocessing = 0;
			shellPath = /bin/sh;
			shellScript = "\"${SRCROOT}/Pods/Target Support Files/Pods-Aircall/Pods-Aircall-frameworks.sh\"\n";
			showEnvVarsInLog = 0;
		};
		DA9D779620FAB1E89CDDBEB9 /* [CP] Check Pods Manifest.lock */ = {
			isa = PBXShellScriptBuildPhase;
			buildActionMask = 2147483647;
			files = (
			);
			inputFileListPaths = (
			);
			inputPaths = (
				"${PODS_PODFILE_DIR_PATH}/Podfile.lock",
				"${PODS_ROOT}/Manifest.lock",
			);
			name = "[CP] Check Pods Manifest.lock";
			outputFileListPaths = (
			);
			outputPaths = (
				"$(DERIVED_FILE_DIR)/Pods-Aircall-checkManifestLockResult.txt",
			);
			runOnlyForDeploymentPostprocessing = 0;
			shellPath = /bin/sh;
			shellScript = "diff \"${PODS_PODFILE_DIR_PATH}/Podfile.lock\" \"${PODS_ROOT}/Manifest.lock\" > /dev/null\nif [ $? != 0 ] ; then\n    # print error to STDERR\n    echo \"error: The sandbox is not in sync with the Podfile.lock. Run 'pod install' or update your CocoaPods installation.\" >&2\n    exit 1\nfi\n# This output is used by Xcode 'outputs' to avoid re-running this script phase.\necho \"SUCCESS\" > \"${SCRIPT_OUTPUT_FILE_0}\"\n";
			showEnvVarsInLog = 0;
		};
		DE1EDF08FF39EC12FE77DE0F /* [CP] Check Pods Manifest.lock */ = {
			isa = PBXShellScriptBuildPhase;
			buildActionMask = 2147483647;
			files = (
			);
			inputFileListPaths = (
			);
			inputPaths = (
				"${PODS_PODFILE_DIR_PATH}/Podfile.lock",
				"${PODS_ROOT}/Manifest.lock",
			);
			name = "[CP] Check Pods Manifest.lock";
			outputFileListPaths = (
			);
			outputPaths = (
				"$(DERIVED_FILE_DIR)/Pods-AircallTests-checkManifestLockResult.txt",
			);
			runOnlyForDeploymentPostprocessing = 0;
			shellPath = /bin/sh;
			shellScript = "diff \"${PODS_PODFILE_DIR_PATH}/Podfile.lock\" \"${PODS_ROOT}/Manifest.lock\" > /dev/null\nif [ $? != 0 ] ; then\n    # print error to STDERR\n    echo \"error: The sandbox is not in sync with the Podfile.lock. Run 'pod install' or update your CocoaPods installation.\" >&2\n    exit 1\nfi\n# This output is used by Xcode 'outputs' to avoid re-running this script phase.\necho \"SUCCESS\" > \"${SCRIPT_OUTPUT_FILE_0}\"\n";
			showEnvVarsInLog = 0;
		};
		EF427949E9A86443AC3D7CFA /* [CP] Check Pods Manifest.lock */ = {
			isa = PBXShellScriptBuildPhase;
			buildActionMask = 2147483647;
			files = (
			);
			inputFileListPaths = (
			);
			inputPaths = (
				"${PODS_PODFILE_DIR_PATH}/Podfile.lock",
				"${PODS_ROOT}/Manifest.lock",
			);
			name = "[CP] Check Pods Manifest.lock";
			outputFileListPaths = (
			);
			outputPaths = (
				"$(DERIVED_FILE_DIR)/Pods-AircallUITests-checkManifestLockResult.txt",
			);
			runOnlyForDeploymentPostprocessing = 0;
			shellPath = /bin/sh;
			shellScript = "diff \"${PODS_PODFILE_DIR_PATH}/Podfile.lock\" \"${PODS_ROOT}/Manifest.lock\" > /dev/null\nif [ $? != 0 ] ; then\n    # print error to STDERR\n    echo \"error: The sandbox is not in sync with the Podfile.lock. Run 'pod install' or update your CocoaPods installation.\" >&2\n    exit 1\nfi\n# This output is used by Xcode 'outputs' to avoid re-running this script phase.\necho \"SUCCESS\" > \"${SCRIPT_OUTPUT_FILE_0}\"\n";
			showEnvVarsInLog = 0;
		};
/* End PBXShellScriptBuildPhase section */

/* Begin PBXSourcesBuildPhase section */
		84EF1D3422DD213700389815 /* Sources */ = {
			isa = PBXSourcesBuildPhase;
			buildActionMask = 2147483647;
			files = (
				84EF1DB322DD33C800389815 /* WSResponse.swift in Sources */,
				84EF1DB522DD342300389815 /* CallDirection.swift in Sources */,
				84EF1DD022DD392D00389815 /* Localized.swift in Sources */,
				84EF1DD222DD393D00389815 /* LocalizedKey.swift in Sources */,
				84EF1DDB22DD3CB700389815 /* UIActivityIndicatorView+Animating.swift in Sources */,
				84EF1D7A22DD2BFE00389815 /* YSLabel.swift in Sources */,
				84EF1DAB22DD33A900389815 /* WSCalls.swift in Sources */,
				84EF1DB122DD33C000389815 /* WSError.swift in Sources */,
				84EF1D3E22DD213700389815 /* ViewController.swift in Sources */,
				84EF1D4422DD213700389815 /* Aircall.xcdatamodeld in Sources */,
				84EF1DD922DD3CAC00389815 /* UIRefreshControl+Refreshing.swift in Sources */,
				84EF1D8222DD2C8A00389815 /* ACHeaderLabel.swift in Sources */,
				84EF1D7E22DD2C7300389815 /* ACTitleLabel.swift in Sources */,
				84EF1D7122DD288500389815 /* ColorName.swift in Sources */,
				84EF1DAF22DD33B900389815 /* WSReset.swift in Sources */,
				84EF1DEB22DD3EF500389815 /* Observable+MapBusiness.swift in Sources */,
				84EF1DAD22DD33B000389815 /* WSCall.swift in Sources */,
				84EF1D8422DD2D5000389815 /* ACRefreshControl.swift in Sources */,
				84EF1D9F22DD32B500389815 /* AircallError.swift in Sources */,
				84EF1D7622DD29F000389815 /* Color.swift in Sources */,
				84EF1D3C22DD213700389815 /* AppDelegate.swift in Sources */,
				84EF1DA122DD32C000389815 /* AircallError+LocalizedError.swift in Sources */,
				84EF1DBB22DD347900389815 /* ACDate.swift in Sources */,
				84EF1DBD22DD34AF00389815 /* CallRepresentable.swift in Sources */,
				84EF1D9D22DD317200389815 /* Aircall.swift in Sources */,
				84EF1D8F22DD2F6400389815 /* Theme.swift in Sources */,
				84EF1DB722DD342B00389815 /* CallType.swift in Sources */,
				84EF1D8022DD2C7F00389815 /* ACSubtitleLabel.swift in Sources */,
				84EF1D7C22DD2C1200389815 /* YSRefreshControl.swift in Sources */,
			);
			runOnlyForDeploymentPostprocessing = 0;
		};
		84EF1D4B22DD213800389815 /* Sources */ = {
			isa = PBXSourcesBuildPhase;
			buildActionMask = 2147483647;
			files = (
				84EF1DE822DD3E0D00389815 /* ACDateTests.swift in Sources */,
				84EF1DD522DD3A2600389815 /* LocalizedTests.swift in Sources */,
				84EF1D8822DD2E0A00389815 /* ACSubtitleLabelTests.swift in Sources */,
				84EF1D9122DD300300389815 /* ThemeTests.swift in Sources */,
				84EF1D7422DD28E800389815 /* ColorNameTests.swift in Sources */,
				84EF1DDF22DD3CD900389815 /* UIActivityIndicatorViewAnimatingTests.swift in Sources */,
				84EF1DC722DD379000389815 /* AircallErrorTests.swift in Sources */,
				84EF1DD722DD3A3100389815 /* LocalizedKeyTests.swift in Sources */,
				84EF1DC122DD35CE00389815 /* WSCallTests.swift in Sources */,
				84EF1D7822DD2A7000389815 /* ColorTests.swift in Sources */,
				84EF1DDD22DD3CCB00389815 /* UIRefreshControlRefreshingTests.swift in Sources */,
				84EF1DC322DD35D900389815 /* WSResetTests.swift in Sources */,
				84EF1D8A22DD2E1600389815 /* ACHeaderLabelTests.swift in Sources */,
				84EF1D5422DD213800389815 /* AircallTests.swift in Sources */,
				84EF1D8622DD2DFF00389815 /* ACTitleLabelTests.swift in Sources */,
				84EF1DBF22DD35C200389815 /* WSCallsTests.swift in Sources */,
				84EF1D8C22DD2EB300389815 /* ACRefreshControlTests.swift in Sources */,
			);
			runOnlyForDeploymentPostprocessing = 0;
		};
		84EF1D5622DD213800389815 /* Sources */ = {
			isa = PBXSourcesBuildPhase;
			buildActionMask = 2147483647;
			files = (
				84EF1D5F22DD213800389815 /* AircallUITests.swift in Sources */,
			);
			runOnlyForDeploymentPostprocessing = 0;
		};
/* End PBXSourcesBuildPhase section */

/* Begin PBXTargetDependency section */
		84EF1D5122DD213800389815 /* PBXTargetDependency */ = {
			isa = PBXTargetDependency;
			target = 84EF1D3722DD213700389815 /* Aircall */;
			targetProxy = 84EF1D5022DD213800389815 /* PBXContainerItemProxy */;
		};
		84EF1D5C22DD213800389815 /* PBXTargetDependency */ = {
			isa = PBXTargetDependency;
			target = 84EF1D3722DD213700389815 /* Aircall */;
			targetProxy = 84EF1D5B22DD213800389815 /* PBXContainerItemProxy */;
		};
/* End PBXTargetDependency section */

/* Begin PBXVariantGroup section */
		84EF1D3F22DD213700389815 /* Main.storyboard */ = {
			isa = PBXVariantGroup;
			children = (
				84EF1D4022DD213700389815 /* Base */,
			);
			name = Main.storyboard;
			sourceTree = "<group>";
		};
		84EF1D4722DD213800389815 /* LaunchScreen.storyboard */ = {
			isa = PBXVariantGroup;
			children = (
				84EF1D4822DD213800389815 /* Base */,
			);
			name = LaunchScreen.storyboard;
			sourceTree = "<group>";
		};
/* End PBXVariantGroup section */

/* Begin XCBuildConfiguration section */
		84EF1D6122DD213800389815 /* Debug */ = {
			isa = XCBuildConfiguration;
			buildSettings = {
				ALWAYS_SEARCH_USER_PATHS = NO;
				CLANG_ANALYZER_NONNULL = YES;
				CLANG_ANALYZER_NUMBER_OBJECT_CONVERSION = YES_AGGRESSIVE;
				CLANG_CXX_LANGUAGE_STANDARD = "gnu++14";
				CLANG_CXX_LIBRARY = "libc++";
				CLANG_ENABLE_MODULES = YES;
				CLANG_ENABLE_OBJC_ARC = YES;
				CLANG_ENABLE_OBJC_WEAK = YES;
				CLANG_WARN_BLOCK_CAPTURE_AUTORELEASING = YES;
				CLANG_WARN_BOOL_CONVERSION = YES;
				CLANG_WARN_COMMA = YES;
				CLANG_WARN_CONSTANT_CONVERSION = YES;
				CLANG_WARN_DEPRECATED_OBJC_IMPLEMENTATIONS = YES;
				CLANG_WARN_DIRECT_OBJC_ISA_USAGE = YES_ERROR;
				CLANG_WARN_DOCUMENTATION_COMMENTS = YES;
				CLANG_WARN_EMPTY_BODY = YES;
				CLANG_WARN_ENUM_CONVERSION = YES;
				CLANG_WARN_INFINITE_RECURSION = YES;
				CLANG_WARN_INT_CONVERSION = YES;
				CLANG_WARN_NON_LITERAL_NULL_CONVERSION = YES;
				CLANG_WARN_OBJC_IMPLICIT_RETAIN_SELF = YES;
				CLANG_WARN_OBJC_LITERAL_CONVERSION = YES;
				CLANG_WARN_OBJC_ROOT_CLASS = YES_ERROR;
				CLANG_WARN_RANGE_LOOP_ANALYSIS = YES;
				CLANG_WARN_STRICT_PROTOTYPES = YES;
				CLANG_WARN_SUSPICIOUS_MOVE = YES;
				CLANG_WARN_UNGUARDED_AVAILABILITY = YES_AGGRESSIVE;
				CLANG_WARN_UNREACHABLE_CODE = YES;
				CLANG_WARN__DUPLICATE_METHOD_MATCH = YES;
				CODE_SIGN_IDENTITY = "iPhone Developer";
				COPY_PHASE_STRIP = NO;
				DEBUG_INFORMATION_FORMAT = dwarf;
				ENABLE_STRICT_OBJC_MSGSEND = YES;
				ENABLE_TESTABILITY = YES;
				GCC_C_LANGUAGE_STANDARD = gnu11;
				GCC_DYNAMIC_NO_PIC = NO;
				GCC_NO_COMMON_BLOCKS = YES;
				GCC_OPTIMIZATION_LEVEL = 0;
				GCC_PREPROCESSOR_DEFINITIONS = (
					"DEBUG=1",
					"$(inherited)",
				);
				GCC_WARN_64_TO_32_BIT_CONVERSION = YES;
				GCC_WARN_ABOUT_RETURN_TYPE = YES_ERROR;
				GCC_WARN_UNDECLARED_SELECTOR = YES;
				GCC_WARN_UNINITIALIZED_AUTOS = YES_AGGRESSIVE;
				GCC_WARN_UNUSED_FUNCTION = YES;
				GCC_WARN_UNUSED_VARIABLE = YES;
				IPHONEOS_DEPLOYMENT_TARGET = 12.2;
				MTL_ENABLE_DEBUG_INFO = INCLUDE_SOURCE;
				MTL_FAST_MATH = YES;
				ONLY_ACTIVE_ARCH = YES;
				SDKROOT = iphoneos;
				SWIFT_ACTIVE_COMPILATION_CONDITIONS = DEBUG;
				SWIFT_OPTIMIZATION_LEVEL = "-Onone";
			};
			name = Debug;
		};
		84EF1D6222DD213800389815 /* Release */ = {
			isa = XCBuildConfiguration;
			buildSettings = {
				ALWAYS_SEARCH_USER_PATHS = NO;
				CLANG_ANALYZER_NONNULL = YES;
				CLANG_ANALYZER_NUMBER_OBJECT_CONVERSION = YES_AGGRESSIVE;
				CLANG_CXX_LANGUAGE_STANDARD = "gnu++14";
				CLANG_CXX_LIBRARY = "libc++";
				CLANG_ENABLE_MODULES = YES;
				CLANG_ENABLE_OBJC_ARC = YES;
				CLANG_ENABLE_OBJC_WEAK = YES;
				CLANG_WARN_BLOCK_CAPTURE_AUTORELEASING = YES;
				CLANG_WARN_BOOL_CONVERSION = YES;
				CLANG_WARN_COMMA = YES;
				CLANG_WARN_CONSTANT_CONVERSION = YES;
				CLANG_WARN_DEPRECATED_OBJC_IMPLEMENTATIONS = YES;
				CLANG_WARN_DIRECT_OBJC_ISA_USAGE = YES_ERROR;
				CLANG_WARN_DOCUMENTATION_COMMENTS = YES;
				CLANG_WARN_EMPTY_BODY = YES;
				CLANG_WARN_ENUM_CONVERSION = YES;
				CLANG_WARN_INFINITE_RECURSION = YES;
				CLANG_WARN_INT_CONVERSION = YES;
				CLANG_WARN_NON_LITERAL_NULL_CONVERSION = YES;
				CLANG_WARN_OBJC_IMPLICIT_RETAIN_SELF = YES;
				CLANG_WARN_OBJC_LITERAL_CONVERSION = YES;
				CLANG_WARN_OBJC_ROOT_CLASS = YES_ERROR;
				CLANG_WARN_RANGE_LOOP_ANALYSIS = YES;
				CLANG_WARN_STRICT_PROTOTYPES = YES;
				CLANG_WARN_SUSPICIOUS_MOVE = YES;
				CLANG_WARN_UNGUARDED_AVAILABILITY = YES_AGGRESSIVE;
				CLANG_WARN_UNREACHABLE_CODE = YES;
				CLANG_WARN__DUPLICATE_METHOD_MATCH = YES;
				CODE_SIGN_IDENTITY = "iPhone Developer";
				COPY_PHASE_STRIP = NO;
				DEBUG_INFORMATION_FORMAT = "dwarf-with-dsym";
				ENABLE_NS_ASSERTIONS = NO;
				ENABLE_STRICT_OBJC_MSGSEND = YES;
				GCC_C_LANGUAGE_STANDARD = gnu11;
				GCC_NO_COMMON_BLOCKS = YES;
				GCC_WARN_64_TO_32_BIT_CONVERSION = YES;
				GCC_WARN_ABOUT_RETURN_TYPE = YES_ERROR;
				GCC_WARN_UNDECLARED_SELECTOR = YES;
				GCC_WARN_UNINITIALIZED_AUTOS = YES_AGGRESSIVE;
				GCC_WARN_UNUSED_FUNCTION = YES;
				GCC_WARN_UNUSED_VARIABLE = YES;
				IPHONEOS_DEPLOYMENT_TARGET = 12.2;
				MTL_ENABLE_DEBUG_INFO = NO;
				MTL_FAST_MATH = YES;
				SDKROOT = iphoneos;
				SWIFT_COMPILATION_MODE = wholemodule;
				SWIFT_OPTIMIZATION_LEVEL = "-O";
				VALIDATE_PRODUCT = YES;
			};
			name = Release;
		};
		84EF1D6422DD213800389815 /* Debug */ = {
			isa = XCBuildConfiguration;
			baseConfigurationReference = 7F3166A3CACC57FAC1E25587 /* Pods-Aircall.debug.xcconfig */;
			buildSettings = {
				ASSETCATALOG_COMPILER_APPICON_NAME = AppIcon;
				CODE_SIGN_STYLE = Automatic;
				DEVELOPMENT_TEAM = KCQX73KXPA;
				INFOPLIST_FILE = Aircall/Info.plist;
				LD_RUNPATH_SEARCH_PATHS = (
					"$(inherited)",
					"@executable_path/Frameworks",
				);
				PRODUCT_BUNDLE_IDENTIFIER = com.ysgdev.Aircall;
				PRODUCT_NAME = "$(TARGET_NAME)";
				SWIFT_VERSION = 5.0;
				TARGETED_DEVICE_FAMILY = "1,2";
			};
			name = Debug;
		};
		84EF1D6522DD213800389815 /* Release */ = {
			isa = XCBuildConfiguration;
			baseConfigurationReference = 7E8B9ADDFBCF0096FD450A1E /* Pods-Aircall.release.xcconfig */;
			buildSettings = {
				ASSETCATALOG_COMPILER_APPICON_NAME = AppIcon;
				CODE_SIGN_STYLE = Automatic;
				DEVELOPMENT_TEAM = KCQX73KXPA;
				INFOPLIST_FILE = Aircall/Info.plist;
				LD_RUNPATH_SEARCH_PATHS = (
					"$(inherited)",
					"@executable_path/Frameworks",
				);
				PRODUCT_BUNDLE_IDENTIFIER = com.ysgdev.Aircall;
				PRODUCT_NAME = "$(TARGET_NAME)";
				SWIFT_VERSION = 5.0;
				TARGETED_DEVICE_FAMILY = "1,2";
			};
			name = Release;
		};
		84EF1D6722DD213800389815 /* Debug */ = {
			isa = XCBuildConfiguration;
			baseConfigurationReference = 7A4A08CCA9EC5B595CC7B572 /* Pods-AircallTests.debug.xcconfig */;
			buildSettings = {
				ALWAYS_EMBED_SWIFT_STANDARD_LIBRARIES = YES;
				BUNDLE_LOADER = "$(TEST_HOST)";
				CODE_SIGN_STYLE = Automatic;
				DEVELOPMENT_TEAM = KCQX73KXPA;
				INFOPLIST_FILE = AircallTests/Info.plist;
				LD_RUNPATH_SEARCH_PATHS = (
					"$(inherited)",
					"@executable_path/Frameworks",
					"@loader_path/Frameworks",
				);
				PRODUCT_BUNDLE_IDENTIFIER = com.ysgdev.AircallTests;
				PRODUCT_NAME = "$(TARGET_NAME)";
				SWIFT_VERSION = 5.0;
				TARGETED_DEVICE_FAMILY = "1,2";
				TEST_HOST = "$(BUILT_PRODUCTS_DIR)/Aircall.app/Aircall";
			};
			name = Debug;
		};
		84EF1D6822DD213800389815 /* Release */ = {
			isa = XCBuildConfiguration;
			baseConfigurationReference = 34AB50A0C4E2FD70DB4D7177 /* Pods-AircallTests.release.xcconfig */;
			buildSettings = {
				ALWAYS_EMBED_SWIFT_STANDARD_LIBRARIES = YES;
				BUNDLE_LOADER = "$(TEST_HOST)";
				CODE_SIGN_STYLE = Automatic;
				DEVELOPMENT_TEAM = KCQX73KXPA;
				INFOPLIST_FILE = AircallTests/Info.plist;
				LD_RUNPATH_SEARCH_PATHS = (
					"$(inherited)",
					"@executable_path/Frameworks",
					"@loader_path/Frameworks",
				);
				PRODUCT_BUNDLE_IDENTIFIER = com.ysgdev.AircallTests;
				PRODUCT_NAME = "$(TARGET_NAME)";
				SWIFT_VERSION = 5.0;
				TARGETED_DEVICE_FAMILY = "1,2";
				TEST_HOST = "$(BUILT_PRODUCTS_DIR)/Aircall.app/Aircall";
			};
			name = Release;
		};
		84EF1D6A22DD213800389815 /* Debug */ = {
			isa = XCBuildConfiguration;
			baseConfigurationReference = EF1B8CA0FEE634D9BB272EE5 /* Pods-AircallUITests.debug.xcconfig */;
			buildSettings = {
				ALWAYS_EMBED_SWIFT_STANDARD_LIBRARIES = YES;
				CODE_SIGN_STYLE = Automatic;
				DEVELOPMENT_TEAM = KCQX73KXPA;
				INFOPLIST_FILE = AircallUITests/Info.plist;
				LD_RUNPATH_SEARCH_PATHS = (
					"$(inherited)",
					"@executable_path/Frameworks",
					"@loader_path/Frameworks",
				);
				PRODUCT_BUNDLE_IDENTIFIER = com.ysgdev.AircallUITests;
				PRODUCT_NAME = "$(TARGET_NAME)";
				SWIFT_VERSION = 5.0;
				TARGETED_DEVICE_FAMILY = "1,2";
				TEST_TARGET_NAME = Aircall;
			};
			name = Debug;
		};
		84EF1D6B22DD213800389815 /* Release */ = {
			isa = XCBuildConfiguration;
			baseConfigurationReference = 3C8C82A49B83CB47A4837BDF /* Pods-AircallUITests.release.xcconfig */;
			buildSettings = {
				ALWAYS_EMBED_SWIFT_STANDARD_LIBRARIES = YES;
				CODE_SIGN_STYLE = Automatic;
				DEVELOPMENT_TEAM = KCQX73KXPA;
				INFOPLIST_FILE = AircallUITests/Info.plist;
				LD_RUNPATH_SEARCH_PATHS = (
					"$(inherited)",
					"@executable_path/Frameworks",
					"@loader_path/Frameworks",
				);
				PRODUCT_BUNDLE_IDENTIFIER = com.ysgdev.AircallUITests;
				PRODUCT_NAME = "$(TARGET_NAME)";
				SWIFT_VERSION = 5.0;
				TARGETED_DEVICE_FAMILY = "1,2";
				TEST_TARGET_NAME = Aircall;
			};
			name = Release;
		};
/* End XCBuildConfiguration section */

/* Begin XCConfigurationList section */
		84EF1D3322DD213700389815 /* Build configuration list for PBXProject "Aircall" */ = {
			isa = XCConfigurationList;
			buildConfigurations = (
				84EF1D6122DD213800389815 /* Debug */,
				84EF1D6222DD213800389815 /* Release */,
			);
			defaultConfigurationIsVisible = 0;
			defaultConfigurationName = Release;
		};
		84EF1D6322DD213800389815 /* Build configuration list for PBXNativeTarget "Aircall" */ = {
			isa = XCConfigurationList;
			buildConfigurations = (
				84EF1D6422DD213800389815 /* Debug */,
				84EF1D6522DD213800389815 /* Release */,
			);
			defaultConfigurationIsVisible = 0;
			defaultConfigurationName = Release;
		};
		84EF1D6622DD213800389815 /* Build configuration list for PBXNativeTarget "AircallTests" */ = {
			isa = XCConfigurationList;
			buildConfigurations = (
				84EF1D6722DD213800389815 /* Debug */,
				84EF1D6822DD213800389815 /* Release */,
			);
			defaultConfigurationIsVisible = 0;
			defaultConfigurationName = Release;
		};
		84EF1D6922DD213800389815 /* Build configuration list for PBXNativeTarget "AircallUITests" */ = {
			isa = XCConfigurationList;
			buildConfigurations = (
				84EF1D6A22DD213800389815 /* Debug */,
				84EF1D6B22DD213800389815 /* Release */,
			);
			defaultConfigurationIsVisible = 0;
			defaultConfigurationName = Release;
		};
/* End XCConfigurationList section */

/* Begin XCVersionGroup section */
		84EF1D4222DD213700389815 /* Aircall.xcdatamodeld */ = {
			isa = XCVersionGroup;
			children = (
				84EF1D4322DD213700389815 /* Aircall.xcdatamodel */,
			);
			currentVersion = 84EF1D4322DD213700389815 /* Aircall.xcdatamodel */;
			path = Aircall.xcdatamodeld;
			sourceTree = "<group>";
			versionGroupType = wrapper.xcdatamodel;
		};
/* End XCVersionGroup section */
	};
	rootObject = 84EF1D3022DD213700389815 /* Project object */;
}
